{
  "originHash" : "9572bd114345c693eae7da00d2d2655df7889947e01b175bf411e2ba5abda662",
  "pins" : [
    {
      "identity" : "abseil-cpp-binary",
      "kind" : "remoteSourceControl",
      "location" : "https://github.com/google/abseil-cpp-binary.git",
      "state" : {
        "revision" : "bfc0b6f81adc06ce5121eb23f628473638d67c5c",
        "version" : "1.2022062300.0"
      }
    },
    {
      "identity" : "app-check",
      "kind" : "remoteSourceControl",
      "location" : "https://github.com/google/app-check.git",
      "state" : {
        "revision" : "5746b2d35c91c50581590ed97abe4c06b5037274",
        "version" : "10.18.0"
      }
    },
    {
      "identity" : "appauth-ios",
      "kind" : "remoteSourceControl",
      "location" : "https://github.com/openid/AppAuth-iOS.git",
      "state" : {
        "revision" : "c89ed571ae140f8eb1142735e6e23d7bb8c34cb2",
        "version" : "1.7.5"
      }
    },
    {
      "identity" : "bigint",
      "kind" : "remoteSourceControl",
      "location" : "https://github.com/attaswift/BigInt",
      "state" : {
        "revision" : "793a7fac0bfc318e85994bf6900652e827aef33e",
        "version" : "5.4.1"
      }
    },
    {
      "identity" : "firebase-ios-sdk",
      "kind" : "remoteSourceControl",
      "location" : "https://github.com/firebase/firebase-ios-sdk.git",
      "state" : {
        "revision" : "d9bcd141c3e4ad48a9500e6faeebb073f43cbcbd",
        "version" : "10.19.0"
      }
    },
    {
      "identity" : "googleappmeasurement",
      "kind" : "remoteSourceControl",
      "location" : "https://github.com/google/GoogleAppMeasurement.git",
      "state" : {
        "revision" : "6b332152355c372ace9966d8ee76ed191f97025e",
        "version" : "10.17.0"
      }
    },
    {
      "identity" : "googledatatransport",
      "kind" : "remoteSourceControl",
      "location" : "https://github.com/google/GoogleDataTransport.git",
      "state" : {
        "revision" : "a732a4b47f59e4f725a2ea10f0c77e93a7131117",
        "version" : "9.3.0"
      }
    },
    {
      "identity" : "googleutilities",
      "kind" : "remoteSourceControl",
      "location" : "https://github.com/google/GoogleUtilities.git",
      "state" : {
        "revision" : "bc27fad73504f3d4af235de451f02ee22586ebd3",
        "version" : "7.12.1"
      }
    },
    {
      "identity" : "grpc-binary",
      "kind" : "remoteSourceControl",
      "location" : "https://github.com/google/grpc-binary.git",
      "state" : {
        "revision" : "a673bc2937fbe886dd1f99c401b01b6d977a9c98",
        "version" : "1.49.1"
      }
    },
    {
      "identity" : "gtm-session-fetcher",
      "kind" : "remoteSourceControl",
      "location" : "https://github.com/google/gtm-session-fetcher.git",
      "state" : {
        "revision" : "115f75e43851774934d695449a4836123c3246e1",
        "version" : "3.2.0"
      }
    },
    {
      "identity" : "interop-ios-for-google-sdks",
      "kind" : "remoteSourceControl",
      "location" : "https://github.com/google/interop-ios-for-google-sdks.git",
      "state" : {
        "revision" : "2d12673670417654f08f5f90fdd62926dc3a2648",
        "version" : "100.0.0"
      }
    },
    {
      "identity" : "jwt-kit",
      "kind" : "remoteSourceControl",
      "location" : "https://github.com/vapor/jwt-kit.git",
      "state" : {
        "revision" : "c2595b9ad7f512d7f334830b4df1fed6e917946a",
        "version" : "4.13.4"
      }
    },
    {
      "identity" : "leveldb",
      "kind" : "remoteSourceControl",
      "location" : "https://github.com/firebase/leveldb.git",
      "state" : {
        "revision" : "9d108e9112aa1d65ce508facf804674546116d9c",
        "version" : "1.22.3"
      }
    },
    {
      "identity" : "mobile-ios-authentication",
      "kind" : "remoteSourceControl",
      "location" : "https://github.com/govuk-one-login/mobile-ios-authentication.git",
      "state" : {
        "revision" : "ecf0a5614ac205c53702a691971fdfd40dcc9caf",
        "version" : "1.3.0"
      }
    },
    {
      "identity" : "mobile-ios-common",
      "kind" : "remoteSourceControl",
      "location" : "https://github.com/govuk-one-login/mobile-ios-common.git",
      "state" : {
        "revision" : "f2fdfba817a33f20f2dbeb0e5b5672071238a0aa",
        "version" : "1.12.0"
      }
    },
    {
      "identity" : "mobile-ios-coordination",
      "kind" : "remoteSourceControl",
      "location" : "https://github.com/govuk-one-login/mobile-ios-coordination.git",
      "state" : {
        "revision" : "5adc59f1db3c4b55386c4438418c5ec280f0ae41",
        "version" : "1.1.0"
      }
    },
    {
      "identity" : "mobile-ios-logging",
      "kind" : "remoteSourceControl",
      "location" : "https://github.com/govuk-one-login/mobile-ios-logging.git",
      "state" : {
        "revision" : "24a513dcfcfa3f348db13c66a60a4d2a3de125f7",
        "version" : "1.2.6"
      }
    },
    {
      "identity" : "mobile-ios-networking",
      "kind" : "remoteSourceControl",
      "location" : "https://github.com/govuk-one-login/mobile-ios-networking",
      "state" : {
        "revision" : "918f35817b1419d5293aa2974380d1eb058d2d3b",
        "version" : "2.2.2"
      }
    },
    {
      "identity" : "mobile-ios-secure-store",
      "kind" : "remoteSourceControl",
      "location" : "https://github.com/govuk-one-login/mobile-ios-secure-store",
      "state" : {
        "revision" : "9d437ef2e55c8aedd41e654b5f6a52e126421625",
        "version" : "1.0.0"
      }
    },
    {
      "identity" : "mobile-wallet-ios",
      "kind" : "remoteSourceControl",
      "location" : "https://github.com/govuk-one-login/mobile-wallet-ios.git",
      "state" : {
        "revision" : "5bab1dfd6602439acca11f753e4d8c0423c2e3cb",
        "version" : "1.0.0"
      }
    },
    {
      "identity" : "nanopb",
      "kind" : "remoteSourceControl",
      "location" : "https://github.com/firebase/nanopb.git",
      "state" : {
        "revision" : "819d0a2173aff699fb8c364b6fb906f7cdb1a692",
        "version" : "2.30909.0"
      }
    },
    {
      "identity" : "pact-consumer-swift",
      "kind" : "remoteSourceControl",
      "location" : "https://github.com/DiUS/pact-consumer-swift",
      "state" : {
        "branch" : "master",
        "revision" : "405dcbf565241b8da08ff3ff329ab493229bae83"
      }
    },
    {
      "identity" : "pactswift",
      "kind" : "remoteSourceControl",
      "location" : "https://github.com/surpher/PactSwift",
      "state" : {
        "branch" : "main",
        "revision" : "53762a596549f7727d01114c4405c402d9412e4e"
      }
    },
    {
      "identity" : "pactswiftserver",
      "kind" : "remoteSourceControl",
      "location" : "https://github.com/surpher/PactSwiftServer.git",
      "state" : {
        "revision" : "12ecc92092ecd3640dcc2dcb98ce6b3d1f2d76f7",
        "version" : "0.4.7"
      }
    },
    {
      "identity" : "promises",
      "kind" : "remoteSourceControl",
      "location" : "https://github.com/google/promises.git",
      "state" : {
        "revision" : "e70e889c0196c76d22759eb50d6a0270ca9f1d9e",
        "version" : "2.3.1"
      }
    },
    {
      "identity" : "realm-core",
      "kind" : "remoteSourceControl",
      "location" : "https://github.com/realm/realm-core.git",
      "state" : {
        "revision" : "f3d7ae5f9f31d90b327a64536bb7801cc69fd85b",
        "version" : "14.9.0"
      }
    },
    {
      "identity" : "realm-swift",
      "kind" : "remoteSourceControl",
      "location" : "https://github.com/realm/realm-swift",
      "state" : {
        "revision" : "4c4413abd0cd2221f59318f800960fe5bddc1494",
        "version" : "10.51.0"
      }
    },
    {
      "identity" : "swift-crypto",
      "kind" : "remoteSourceControl",
      "location" : "https://github.com/apple/swift-crypto.git",
      "state" : {
        "revision" : "f0525da24dc3c6cbb2b6b338b65042bc91cbc4bb",
        "version" : "3.3.0"
      }
    },
    {
      "identity" : "swift-protobuf",
      "kind" : "remoteSourceControl",
      "location" : "https://github.com/apple/swift-protobuf.git",
      "state" : {
        "revision" : "65e8f29b2d63c4e38e736b25c27b83e012159be8",
        "version" : "1.25.2"
      }
    }
  ],
  "version" : 3
}
