{
  "pins" : [
    {
      "identity" : "abseil-cpp-binary",
      "kind" : "remoteSourceControl",
      "location" : "https://github.com/google/abseil-cpp-binary.git",
      "state" : {
        "revision" : "bbe8b69694d7873315fd3a4ad41efe043e1c07c5",
        "version" : "1.2024072200.0"
      }
    },
    {
      "identity" : "app-check",
      "kind" : "remoteSourceControl",
      "location" : "https://github.com/google/app-check.git",
      "state" : {
        "revision" : "21fe1af9be463a359aaf8d96789ef73fc3760d09",
        "version" : "11.0.1"
      }
    },
    {
      "identity" : "appauth-ios",
      "kind" : "remoteSourceControl",
      "location" : "https://github.com/openid/AppAuth-iOS.git",
      "state" : {
        "revision" : "145104f5ea9d58ae21b60add007c33c1cc0c948e",
        "version" : "2.0.0"
      }
    },
    {
      "identity" : "bigint",
      "kind" : "remoteSourceControl",
      "location" : "https://github.com/attaswift/BigInt",
      "state" : {
        "revision" : "793a7fac0bfc318e85994bf6900652e827aef33e",
        "version" : "5.4.1"
      }
    },
    {
      "identity" : "firebase-ios-sdk",
      "kind" : "remoteSourceControl",
      "location" : "https://github.com/firebase/firebase-ios-sdk.git",
      "state" : {
        "revision" : "1cce11cf94d27e2fc194112cc7ad51e8fb279230",
        "version" : "12.3.0"
      }
    },
    {
      "identity" : "google-ads-on-device-conversion-ios-sdk",
      "kind" : "remoteSourceControl",
      "location" : "https://github.com/googleads/google-ads-on-device-conversion-ios-sdk",
      "state" : {
        "revision" : "c7d04b7592d3a1d6f8b7ce4e103cfbcbd766f419",
        "version" : "3.0.0"
      }
    },
    {
      "identity" : "googleappmeasurement",
      "kind" : "remoteSourceControl",
      "location" : "https://github.com/google/GoogleAppMeasurement.git",
      "state" : {
        "revision" : "34f5306ed8c9d9493f6390b4c2a18f19ecad1da4",
        "version" : "12.3.0"
      }
    },
    {
      "identity" : "googledatatransport",
      "kind" : "remoteSourceControl",
      "location" : "https://github.com/google/GoogleDataTransport.git",
      "state" : {
        "revision" : "617af071af9aa1d6a091d59a202910ac482128f9",
        "version" : "10.1.0"
      }
    },
    {
      "identity" : "googleutilities",
      "kind" : "remoteSourceControl",
      "location" : "https://github.com/google/GoogleUtilities.git",
      "state" : {
        "revision" : "60da361632d0de02786f709bdc0c4df340f7613e",
        "version" : "8.1.0"
      }
    },
    {
      "identity" : "grpc-binary",
      "kind" : "remoteSourceControl",
      "location" : "https://github.com/google/grpc-binary.git",
      "state" : {
        "revision" : "cc0001a0cf963aa40501d9c2b181e7fc9fd8ec71",
        "version" : "1.69.0"
      }
    },
    {
      "identity" : "gtm-session-fetcher",
      "kind" : "remoteSourceControl",
      "location" : "https://github.com/google/gtm-session-fetcher.git",
      "state" : {
        "revision" : "a2ab612cb980066ee56d90d60d8462992c07f24b",
        "version" : "3.5.0"
      }
    },
    {
      "identity" : "interop-ios-for-google-sdks",
      "kind" : "remoteSourceControl",
      "location" : "https://github.com/google/interop-ios-for-google-sdks.git",
      "state" : {
        "revision" : "040d087ac2267d2ddd4cca36c757d1c6a05fdbfe",
        "version" : "101.0.0"
      }
    },
    {
      "identity" : "ios",
      "kind" : "remoteSourceControl",
      "location" : "https://github.com/iProov/ios.git",
      "state" : {
        "revision" : "a4d6e8f67ab14a35f6f1f21daa6816baf905abac",
        "version" : "12.3.0"
      }
    },
    {
      "identity" : "jwt-kit",
      "kind" : "remoteSourceControl",
      "location" : "https://github.com/vapor/jwt-kit.git",
      "state" : {
        "revision" : "c2595b9ad7f512d7f334830b4df1fed6e917946a",
        "version" : "4.13.4"
      }
    },
    {
      "identity" : "leveldb",
      "kind" : "remoteSourceControl",
      "location" : "https://github.com/firebase/leveldb.git",
      "state" : {
        "revision" : "a0bc79961d7be727d258d33d5a6b2f1023270ba1",
        "version" : "1.22.5"
      }
    },
    {
      "identity" : "mobile-id-check-ios-sdk",
      "kind" : "remoteSourceControl",
      "location" : "https://github.com/govuk-one-login/mobile-id-check-ios-sdk.git",
      "state" : {
        "revision" : "b8fe7da79386e89559cf080094719d2c40193168",
        "version" : "8.37.1"
      }
    },
    {
      "identity" : "mobile-ios-authentication",
      "kind" : "remoteSourceControl",
      "location" : "https://github.com/govuk-one-login/mobile-ios-authentication.git",
      "state" : {
        "revision" : "f68210cfad0683bb8333993dda7f520c6dbe1043",
        "version" : "2.3.1"
      }
    },
    {
      "identity" : "mobile-ios-common",
      "kind" : "remoteSourceControl",
      "location" : "https://github.com/govuk-one-login/mobile-ios-common.git",
      "state" : {
        "revision" : "b7305db05563184132602d6b0c204feda21920d3",
        "version" : "2.19.1"
      }
    },
    {
      "identity" : "mobile-ios-coordination",
      "kind" : "remoteSourceControl",
      "location" : "https://github.com/govuk-one-login/mobile-ios-coordination.git",
      "state" : {
        "revision" : "88e414ca03153e91bce2d3b022022c2c937bd250",
        "version" : "1.3.0"
      }
    },
    {
      "identity" : "mobile-ios-logging",
      "kind" : "remoteSourceControl",
      "location" : "https://github.com/govuk-one-login/mobile-ios-logging.git",
      "state" : {
        "revision" : "88028c650cc924c51d1101d1ef655e8b6bb88f9b",
        "version" : "5.0.3"
      }
    },
    {
      "identity" : "mobile-ios-networking",
      "kind" : "remoteSourceControl",
      "location" : "https://github.com/govuk-one-login/mobile-ios-networking",
      "state" : {
        "revision" : "854423afb6600ee31470c3bc9cc775ce8c003421",
        "version" : "3.3.1"
      }
    },
    {
      "identity" : "mobile-ios-secure-store",
      "kind" : "remoteSourceControl",
      "location" : "https://github.com/govuk-one-login/mobile-ios-secure-store",
      "state" : {
        "revision" : "9099b605044888f32372c494959e0a4ff4a90d9a",
        "version" : "1.5.2"
      }
    },
    {
      "identity" : "mobile-ios-ui",
      "kind" : "remoteSourceControl",
      "location" : "https://github.com/govuk-one-login/mobile-ios-ui",
      "state" : {
        "revision" : "c2f377ca36418b850af01e6393cb2317b0f87fca",
        "version" : "0.16.2"
      }
    },
    {
      "identity" : "nanopb",
      "kind" : "remoteSourceControl",
      "location" : "https://github.com/firebase/nanopb.git",
      "state" : {
        "revision" : "b7e1104502eca3a213b46303391ca4d3bc8ddec1",
        "version" : "2.30910.0"
      }
    },
    {
      "identity" : "promises",
      "kind" : "remoteSourceControl",
      "location" : "https://github.com/google/promises.git",
      "state" : {
        "revision" : "540318ecedd63d883069ae7f1ed811a2df00b6ac",
        "version" : "2.4.0"
      }
    },
    {
      "identity" : "readid.ui",
      "kind" : "registry",
      "location" : "",
      "state" : {
        "version" : "4.118.1"
      }
    },
    {
      "identity" : "realm-core",
      "kind" : "remoteSourceControl",
      "location" : "https://github.com/realm/realm-core.git",
      "state" : {
        "revision" : "15493076ad9fef22c16cc64cbfbf9e5b65c385f9",
        "version" : "20.1.0"
      }
    },
    {
      "identity" : "realm-swift",
      "kind" : "remoteSourceControl",
      "location" : "https://github.com/realm/realm-swift",
      "state" : {
        "revision" : "6260534683132eb981338c7c39fd5e69205876e6",
        "version" : "20.0.3"
      }
    },
    {
      "identity" : "swift-asn1",
      "kind" : "remoteSourceControl",
      "location" : "https://github.com/apple/swift-asn1.git",
      "state" : {
        "revision" : "40d25bbb2fc5b557a9aa8512210bded327c0f60d",
        "version" : "1.5.0"
      }
    },
    {
      "identity" : "swift-certificates",
      "kind" : "remoteSourceControl",
      "location" : "https://github.com/apple/swift-certificates",
      "state" : {
        "revision" : "f4cd9e78a1ec209b27e426a5f5c693675f95e75a",
        "version" : "1.15.0"
      }
    },
    {
      "identity" : "swift-crypto",
      "kind" : "remoteSourceControl",
      "location" : "https://github.com/apple/swift-crypto.git",
      "state" : {
        "revision" : "95ba0316a9b733e92bb6b071255ff46263bbe7dc",
        "version" : "3.15.1"
      }
    },
    {
      "identity" : "swift-protobuf",
      "kind" : "remoteSourceControl",
      "location" : "https://github.com/apple/swift-protobuf.git",
      "state" : {
        "revision" : "edb6ed4919f7756157fe02f2552b7e3850a538e5",
        "version" : "1.28.1"
      }
    },
    {
      "identity" : "swiftcbor",
      "kind" : "remoteSourceControl",
      "location" : "https://github.com/valpackett/SwiftCBOR",
      "state" : {
        "revision" : "04ccff117f6549121d5721ec84fdf0162122b90e",
        "version" : "0.5.0"
      }
    },
    {
      "identity" : "swiftlintplugins",
      "kind" : "remoteSourceControl",
      "location" : "https://github.com/SimplyDanny/SwiftLintPlugins",
      "state" : {
        "revision" : "6166499ede0efe43c3809f101d2c3cd409e2b77a",
        "version" : "0.61.0"
      }
    }
  ],
  "version" : 2
}
