// !$*UTF8*$!
{
	archiveVersion = 1;
	classes = {
	};
	objectVersion = 56;
	objects = {

/* Begin PBXBuildFile section */
		219602022A976305008F3427 /* OneLoginTests.swift in Sources */ = {isa = PBXBuildFile; fileRef = 219602012A976305008F3427 /* OneLoginTests.swift */; };
		2196020C2A976305008F3427 /* OneLoginUITests.swift in Sources */ = {isa = PBXBuildFile; fileRef = 2196020B2A976305008F3427 /* OneLoginUITests.swift */; };
		2196020E2A976305008F3427 /* OneLoginUITestsLaunchTests.swift in Sources */ = {isa = PBXBuildFile; fileRef = 2196020D2A976305008F3427 /* OneLoginUITestsLaunchTests.swift */; };
		3BBF28EF2A9F7D3200491BB1 /* ViewController.swift in Sources */ = {isa = PBXBuildFile; fileRef = 3BBF28E52A9F7D3200491BB1 /* ViewController.swift */; };
		3BBF28F02A9F7D3200491BB1 /* Assets.xcassets in Resources */ = {isa = PBXBuildFile; fileRef = 3BBF28E62A9F7D3200491BB1 /* Assets.xcassets */; };
		3BBF28F12A9F7D3200491BB1 /* LaunchScreen.storyboard in Resources */ = {isa = PBXBuildFile; fileRef = 3BBF28E82A9F7D3200491BB1 /* LaunchScreen.storyboard */; };
		3BBF28F22A9F7D3200491BB1 /* Main.storyboard in Resources */ = {isa = PBXBuildFile; fileRef = 3BBF28EA2A9F7D3200491BB1 /* Main.storyboard */; };
		3BBF28F32A9F7D3200491BB1 /* AppDelegate.swift in Sources */ = {isa = PBXBuildFile; fileRef = 3BBF28ED2A9F7D3200491BB1 /* AppDelegate.swift */; };
		3BBF28F42A9F7D3200491BB1 /* SceneDelegate.swift in Sources */ = {isa = PBXBuildFile; fileRef = 3BBF28EE2A9F7D3200491BB1 /* SceneDelegate.swift */; };
/* End PBXBuildFile section */

/* Begin PBXContainerItemProxy section */
		219601FE2A976305008F3427 /* PBXContainerItemProxy */ = {
			isa = PBXContainerItemProxy;
			containerPortal = 219601DF2A976302008F3427 /* Project object */;
			proxyType = 1;
			remoteGlobalIDString = 219601E62A976302008F3427;
			remoteInfo = "di-mobile-ios-onelogin-app";
		};
		219602082A976305008F3427 /* PBXContainerItemProxy */ = {
			isa = PBXContainerItemProxy;
			containerPortal = 219601DF2A976302008F3427 /* Project object */;
			proxyType = 1;
			remoteGlobalIDString = 219601E62A976302008F3427;
			remoteInfo = "di-mobile-ios-onelogin-app";
		};
/* End PBXContainerItemProxy section */

/* Begin PBXFileReference section */
		219601E72A976302008F3427 /* OneLogin.app */ = {isa = PBXFileReference; explicitFileType = wrapper.application; includeInIndex = 0; path = OneLogin.app; sourceTree = BUILT_PRODUCTS_DIR; };
		219601FD2A976305008F3427 /* OneLoginTests.xctest */ = {isa = PBXFileReference; explicitFileType = wrapper.cfbundle; includeInIndex = 0; path = OneLoginTests.xctest; sourceTree = BUILT_PRODUCTS_DIR; };
		219602012A976305008F3427 /* OneLoginTests.swift */ = {isa = PBXFileReference; lastKnownFileType = sourcecode.swift; path = OneLoginTests.swift; sourceTree = "<group>"; };
		219602072A976305008F3427 /* OneLoginUITests.xctest */ = {isa = PBXFileReference; explicitFileType = wrapper.cfbundle; includeInIndex = 0; path = OneLoginUITests.xctest; sourceTree = BUILT_PRODUCTS_DIR; };
		2196020B2A976305008F3427 /* OneLoginUITests.swift */ = {isa = PBXFileReference; lastKnownFileType = sourcecode.swift; path = OneLoginUITests.swift; sourceTree = "<group>"; };
		2196020D2A976305008F3427 /* OneLoginUITestsLaunchTests.swift */ = {isa = PBXFileReference; lastKnownFileType = sourcecode.swift; path = OneLoginUITestsLaunchTests.swift; sourceTree = "<group>"; };
		3BBF28E52A9F7D3200491BB1 /* ViewController.swift */ = {isa = PBXFileReference; fileEncoding = 4; lastKnownFileType = sourcecode.swift; path = ViewController.swift; sourceTree = "<group>"; };
		3BBF28E62A9F7D3200491BB1 /* Assets.xcassets */ = {isa = PBXFileReference; lastKnownFileType = folder.assetcatalog; path = Assets.xcassets; sourceTree = "<group>"; };
		3BBF28E92A9F7D3200491BB1 /* Base */ = {isa = PBXFileReference; lastKnownFileType = file.storyboard; name = Base; path = Base.lproj/LaunchScreen.storyboard; sourceTree = "<group>"; };
		3BBF28EB2A9F7D3200491BB1 /* Base */ = {isa = PBXFileReference; lastKnownFileType = file.storyboard; name = Base; path = Base.lproj/Main.storyboard; sourceTree = "<group>"; };
		3BBF28ED2A9F7D3200491BB1 /* AppDelegate.swift */ = {isa = PBXFileReference; fileEncoding = 4; lastKnownFileType = sourcecode.swift; path = AppDelegate.swift; sourceTree = "<group>"; };
		3BBF28EE2A9F7D3200491BB1 /* SceneDelegate.swift */ = {isa = PBXFileReference; fileEncoding = 4; lastKnownFileType = sourcecode.swift; path = SceneDelegate.swift; sourceTree = "<group>"; };
		3BBF28F52A9F7D4900491BB1 /* OneLogin-Info.plist */ = {isa = PBXFileReference; fileEncoding = 4; lastKnownFileType = text.plist.xml; path = "OneLogin-Info.plist"; sourceTree = "<group>"; };
/* End PBXFileReference section */

/* Begin PBXFrameworksBuildPhase section */
		219601E42A976302008F3427 /* Frameworks */ = {
			isa = PBXFrameworksBuildPhase;
			buildActionMask = 2147483647;
			files = (
			);
			runOnlyForDeploymentPostprocessing = 0;
		};
		219601FA2A976305008F3427 /* Frameworks */ = {
			isa = PBXFrameworksBuildPhase;
			buildActionMask = 2147483647;
			files = (
			);
			runOnlyForDeploymentPostprocessing = 0;
		};
		219602042A976305008F3427 /* Frameworks */ = {
			isa = PBXFrameworksBuildPhase;
			buildActionMask = 2147483647;
			files = (
			);
			runOnlyForDeploymentPostprocessing = 0;
		};
/* End PBXFrameworksBuildPhase section */

/* Begin PBXGroup section */
		219601DE2A976302008F3427 = {
			isa = PBXGroup;
			children = (
				3BBF28F52A9F7D4900491BB1 /* OneLogin-Info.plist */,
				3BBF28E42A9F7D3200491BB1 /* Sources */,
				219602002A976305008F3427 /* Tests */,
				2196020A2A976305008F3427 /* UITests */,
				219601E82A976302008F3427 /* Products */,
			);
			sourceTree = "<group>";
		};
		219601E82A976302008F3427 /* Products */ = {
			isa = PBXGroup;
			children = (
				219601E72A976302008F3427 /* OneLogin.app */,
				219601FD2A976305008F3427 /* OneLoginTests.xctest */,
				219602072A976305008F3427 /* OneLoginUITests.xctest */,
			);
			name = Products;
			sourceTree = "<group>";
		};
		219602002A976305008F3427 /* Tests */ = {
			isa = PBXGroup;
			children = (
				219602012A976305008F3427 /* OneLoginTests.swift */,
			);
			path = Tests;
			sourceTree = "<group>";
		};
		2196020A2A976305008F3427 /* UITests */ = {
			isa = PBXGroup;
			children = (
				2196020B2A976305008F3427 /* OneLoginUITests.swift */,
				2196020D2A976305008F3427 /* OneLoginUITestsLaunchTests.swift */,
			);
			path = UITests;
			sourceTree = "<group>";
		};
		3BBF28E42A9F7D3200491BB1 /* Sources */ = {
			isa = PBXGroup;
			children = (
				3BBF28E52A9F7D3200491BB1 /* ViewController.swift */,
				3BBF28EC2A9F7D3200491BB1 /* Application */,
				3BBF28E72A9F7D3200491BB1 /* Supporting Files */,
				3BBF28E62A9F7D3200491BB1 /* Assets.xcassets */,
			);
			path = Sources;
			sourceTree = "<group>";
		};
		3BBF28E72A9F7D3200491BB1 /* Supporting Files */ = {
			isa = PBXGroup;
			children = (
				3BBF28E82A9F7D3200491BB1 /* LaunchScreen.storyboard */,
				3BBF28EA2A9F7D3200491BB1 /* Main.storyboard */,
			);
			path = "Supporting Files";
			sourceTree = "<group>";
		};
		3BBF28EC2A9F7D3200491BB1 /* Application */ = {
			isa = PBXGroup;
			children = (
				3BBF28ED2A9F7D3200491BB1 /* AppDelegate.swift */,
				3BBF28EE2A9F7D3200491BB1 /* SceneDelegate.swift */,
			);
			path = Application;
			sourceTree = "<group>";
		};
/* End PBXGroup section */

/* Begin PBXNativeTarget section */
		219601E62A976302008F3427 /* OneLogin */ = {
			isa = PBXNativeTarget;
			buildConfigurationList = 219602112A976305008F3427 /* Build configuration list for PBXNativeTarget "OneLogin" */;
			buildPhases = (
				219601E32A976302008F3427 /* Sources */,
				219601E42A976302008F3427 /* Frameworks */,
				219601E52A976302008F3427 /* Resources */,
			);
			buildRules = (
			);
			dependencies = (
			);
			name = OneLogin;
			productName = "di-mobile-ios-onelogin-app";
			productReference = 219601E72A976302008F3427 /* OneLogin.app */;
			productType = "com.apple.product-type.application";
		};
		219601FC2A976305008F3427 /* OneLoginTests */ = {
			isa = PBXNativeTarget;
			buildConfigurationList = 219602142A976305008F3427 /* Build configuration list for PBXNativeTarget "OneLoginTests" */;
			buildPhases = (
				219601F92A976305008F3427 /* Sources */,
				219601FA2A976305008F3427 /* Frameworks */,
				219601FB2A976305008F3427 /* Resources */,
			);
			buildRules = (
			);
			dependencies = (
				219601FF2A976305008F3427 /* PBXTargetDependency */,
			);
			name = OneLoginTests;
			productName = "di-mobile-ios-onelogin-appTests";
			productReference = 219601FD2A976305008F3427 /* OneLoginTests.xctest */;
			productType = "com.apple.product-type.bundle.unit-test";
		};
		219602062A976305008F3427 /* OneLoginUITests */ = {
			isa = PBXNativeTarget;
			buildConfigurationList = 219602172A976305008F3427 /* Build configuration list for PBXNativeTarget "OneLoginUITests" */;
			buildPhases = (
				219602032A976305008F3427 /* Sources */,
				219602042A976305008F3427 /* Frameworks */,
				219602052A976305008F3427 /* Resources */,
			);
			buildRules = (
			);
			dependencies = (
				219602092A976305008F3427 /* PBXTargetDependency */,
			);
			name = OneLoginUITests;
			productName = "di-mobile-ios-onelogin-appUITests";
			productReference = 219602072A976305008F3427 /* OneLoginUITests.xctest */;
			productType = "com.apple.product-type.bundle.ui-testing";
		};
/* End PBXNativeTarget section */

/* Begin PBXProject section */
		219601DF2A976302008F3427 /* Project object */ = {
			isa = PBXProject;
			attributes = {
				BuildIndependentTargetsInParallel = 1;
				LastSwiftUpdateCheck = 1430;
				LastUpgradeCheck = 1430;
				TargetAttributes = {
					219601E62A976302008F3427 = {
						CreatedOnToolsVersion = 14.3.1;
					};
					219601FC2A976305008F3427 = {
						CreatedOnToolsVersion = 14.3.1;
						TestTargetID = 219601E62A976302008F3427;
					};
					219602062A976305008F3427 = {
						CreatedOnToolsVersion = 14.3.1;
						TestTargetID = 219601E62A976302008F3427;
					};
				};
			};
			buildConfigurationList = 219601E22A976302008F3427 /* Build configuration list for PBXProject "OneLogin" */;
			compatibilityVersion = "Xcode 14.0";
			developmentRegion = en;
			hasScannedForEncodings = 0;
			knownRegions = (
				en,
				Base,
			);
			mainGroup = 219601DE2A976302008F3427;
			productRefGroup = 219601E82A976302008F3427 /* Products */;
			projectDirPath = "";
			projectRoot = "";
			targets = (
				219601E62A976302008F3427 /* OneLogin */,
				219601FC2A976305008F3427 /* OneLoginTests */,
				219602062A976305008F3427 /* OneLoginUITests */,
			);
		};
/* End PBXProject section */

/* Begin PBXResourcesBuildPhase section */
		219601E52A976302008F3427 /* Resources */ = {
			isa = PBXResourcesBuildPhase;
			buildActionMask = 2147483647;
			files = (
				3BBF28F22A9F7D3200491BB1 /* Main.storyboard in Resources */,
				3BBF28F02A9F7D3200491BB1 /* Assets.xcassets in Resources */,
				3BBF28F12A9F7D3200491BB1 /* LaunchScreen.storyboard in Resources */,
			);
			runOnlyForDeploymentPostprocessing = 0;
		};
		219601FB2A976305008F3427 /* Resources */ = {
			isa = PBXResourcesBuildPhase;
			buildActionMask = 2147483647;
			files = (
			);
			runOnlyForDeploymentPostprocessing = 0;
		};
		219602052A976305008F3427 /* Resources */ = {
			isa = PBXResourcesBuildPhase;
			buildActionMask = 2147483647;
			files = (
			);
			runOnlyForDeploymentPostprocessing = 0;
		};
/* End PBXResourcesBuildPhase section */

/* Begin PBXSourcesBuildPhase section */
		219601E32A976302008F3427 /* Sources */ = {
			isa = PBXSourcesBuildPhase;
			buildActionMask = 2147483647;
			files = (
				3BBF28F32A9F7D3200491BB1 /* AppDelegate.swift in Sources */,
				3BBF28EF2A9F7D3200491BB1 /* ViewController.swift in Sources */,
				3BBF28F42A9F7D3200491BB1 /* SceneDelegate.swift in Sources */,
			);
			runOnlyForDeploymentPostprocessing = 0;
		};
		219601F92A976305008F3427 /* Sources */ = {
			isa = PBXSourcesBuildPhase;
			buildActionMask = 2147483647;
			files = (
				219602022A976305008F3427 /* OneLoginTests.swift in Sources */,
			);
			runOnlyForDeploymentPostprocessing = 0;
		};
		219602032A976305008F3427 /* Sources */ = {
			isa = PBXSourcesBuildPhase;
			buildActionMask = 2147483647;
			files = (
				2196020E2A976305008F3427 /* OneLoginUITestsLaunchTests.swift in Sources */,
				2196020C2A976305008F3427 /* OneLoginUITests.swift in Sources */,
			);
			runOnlyForDeploymentPostprocessing = 0;
		};
/* End PBXSourcesBuildPhase section */

/* Begin PBXTargetDependency section */
		219601FF2A976305008F3427 /* PBXTargetDependency */ = {
			isa = PBXTargetDependency;
			target = 219601E62A976302008F3427 /* OneLogin */;
			targetProxy = 219601FE2A976305008F3427 /* PBXContainerItemProxy */;
		};
		219602092A976305008F3427 /* PBXTargetDependency */ = {
			isa = PBXTargetDependency;
			target = 219601E62A976302008F3427 /* OneLogin */;
			targetProxy = 219602082A976305008F3427 /* PBXContainerItemProxy */;
		};
/* End PBXTargetDependency section */

/* Begin PBXVariantGroup section */
		3BBF28E82A9F7D3200491BB1 /* LaunchScreen.storyboard */ = {
			isa = PBXVariantGroup;
			children = (
				3BBF28E92A9F7D3200491BB1 /* Base */,
			);
			name = LaunchScreen.storyboard;
			sourceTree = "<group>";
		};
		3BBF28EA2A9F7D3200491BB1 /* Main.storyboard */ = {
			isa = PBXVariantGroup;
			children = (
				3BBF28EB2A9F7D3200491BB1 /* Base */,
			);
			name = Main.storyboard;
			sourceTree = "<group>";
		};
/* End PBXVariantGroup section */

/* Begin XCBuildConfiguration section */
		2196020F2A976305008F3427 /* Debug */ = {
			isa = XCBuildConfiguration;
			buildSettings = {
				ALWAYS_SEARCH_USER_PATHS = NO;
				CLANG_ANALYZER_NONNULL = YES;
				CLANG_ANALYZER_NUMBER_OBJECT_CONVERSION = YES_AGGRESSIVE;
				CLANG_CXX_LANGUAGE_STANDARD = "gnu++20";
				CLANG_ENABLE_MODULES = YES;
				CLANG_ENABLE_OBJC_ARC = YES;
				CLANG_ENABLE_OBJC_WEAK = YES;
				CLANG_WARN_BLOCK_CAPTURE_AUTORELEASING = YES;
				CLANG_WARN_BOOL_CONVERSION = YES;
				CLANG_WARN_COMMA = YES;
				CLANG_WARN_CONSTANT_CONVERSION = YES;
				CLANG_WARN_DEPRECATED_OBJC_IMPLEMENTATIONS = YES;
				CLANG_WARN_DIRECT_OBJC_ISA_USAGE = YES_ERROR;
				CLANG_WARN_DOCUMENTATION_COMMENTS = YES;
				CLANG_WARN_EMPTY_BODY = YES;
				CLANG_WARN_ENUM_CONVERSION = YES;
				CLANG_WARN_INFINITE_RECURSION = YES;
				CLANG_WARN_INT_CONVERSION = YES;
				CLANG_WARN_NON_LITERAL_NULL_CONVERSION = YES;
				CLANG_WARN_OBJC_IMPLICIT_RETAIN_SELF = YES;
				CLANG_WARN_OBJC_LITERAL_CONVERSION = YES;
				CLANG_WARN_OBJC_ROOT_CLASS = YES_ERROR;
				CLANG_WARN_QUOTED_INCLUDE_IN_FRAMEWORK_HEADER = YES;
				CLANG_WARN_RANGE_LOOP_ANALYSIS = YES;
				CLANG_WARN_STRICT_PROTOTYPES = YES;
				CLANG_WARN_SUSPICIOUS_MOVE = YES;
				CLANG_WARN_UNGUARDED_AVAILABILITY = YES_AGGRESSIVE;
				CLANG_WARN_UNREACHABLE_CODE = YES;
				CLANG_WARN__DUPLICATE_METHOD_MATCH = YES;
				COPY_PHASE_STRIP = NO;
				DEBUG_INFORMATION_FORMAT = dwarf;
				ENABLE_STRICT_OBJC_MSGSEND = YES;
				ENABLE_TESTABILITY = YES;
				GCC_C_LANGUAGE_STANDARD = gnu11;
				GCC_DYNAMIC_NO_PIC = NO;
				GCC_NO_COMMON_BLOCKS = YES;
				GCC_OPTIMIZATION_LEVEL = 0;
				GCC_PREPROCESSOR_DEFINITIONS = (
					"DEBUG=1",
					"$(inherited)",
				);
				GCC_WARN_64_TO_32_BIT_CONVERSION = YES;
				GCC_WARN_ABOUT_RETURN_TYPE = YES_ERROR;
				GCC_WARN_UNDECLARED_SELECTOR = YES;
				GCC_WARN_UNINITIALIZED_AUTOS = YES_AGGRESSIVE;
				GCC_WARN_UNUSED_FUNCTION = YES;
				GCC_WARN_UNUSED_VARIABLE = YES;
				IPHONEOS_DEPLOYMENT_TARGET = 16.4;
				MTL_ENABLE_DEBUG_INFO = INCLUDE_SOURCE;
				MTL_FAST_MATH = YES;
				ONLY_ACTIVE_ARCH = YES;
				SDKROOT = iphoneos;
				SWIFT_ACTIVE_COMPILATION_CONDITIONS = DEBUG;
				SWIFT_OPTIMIZATION_LEVEL = "-Onone";
			};
			name = Debug;
		};
		219602102A976305008F3427 /* Release */ = {
			isa = XCBuildConfiguration;
			buildSettings = {
				ALWAYS_SEARCH_USER_PATHS = NO;
				CLANG_ANALYZER_NONNULL = YES;
				CLANG_ANALYZER_NUMBER_OBJECT_CONVERSION = YES_AGGRESSIVE;
				CLANG_CXX_LANGUAGE_STANDARD = "gnu++20";
				CLANG_ENABLE_MODULES = YES;
				CLANG_ENABLE_OBJC_ARC = YES;
				CLANG_ENABLE_OBJC_WEAK = YES;
				CLANG_WARN_BLOCK_CAPTURE_AUTORELEASING = YES;
				CLANG_WARN_BOOL_CONVERSION = YES;
				CLANG_WARN_COMMA = YES;
				CLANG_WARN_CONSTANT_CONVERSION = YES;
				CLANG_WARN_DEPRECATED_OBJC_IMPLEMENTATIONS = YES;
				CLANG_WARN_DIRECT_OBJC_ISA_USAGE = YES_ERROR;
				CLANG_WARN_DOCUMENTATION_COMMENTS = YES;
				CLANG_WARN_EMPTY_BODY = YES;
				CLANG_WARN_ENUM_CONVERSION = YES;
				CLANG_WARN_INFINITE_RECURSION = YES;
				CLANG_WARN_INT_CONVERSION = YES;
				CLANG_WARN_NON_LITERAL_NULL_CONVERSION = YES;
				CLANG_WARN_OBJC_IMPLICIT_RETAIN_SELF = YES;
				CLANG_WARN_OBJC_LITERAL_CONVERSION = YES;
				CLANG_WARN_OBJC_ROOT_CLASS = YES_ERROR;
				CLANG_WARN_QUOTED_INCLUDE_IN_FRAMEWORK_HEADER = YES;
				CLANG_WARN_RANGE_LOOP_ANALYSIS = YES;
				CLANG_WARN_STRICT_PROTOTYPES = YES;
				CLANG_WARN_SUSPICIOUS_MOVE = YES;
				CLANG_WARN_UNGUARDED_AVAILABILITY = YES_AGGRESSIVE;
				CLANG_WARN_UNREACHABLE_CODE = YES;
				CLANG_WARN__DUPLICATE_METHOD_MATCH = YES;
				COPY_PHASE_STRIP = NO;
				DEBUG_INFORMATION_FORMAT = "dwarf-with-dsym";
				ENABLE_NS_ASSERTIONS = NO;
				ENABLE_STRICT_OBJC_MSGSEND = YES;
				GCC_C_LANGUAGE_STANDARD = gnu11;
				GCC_NO_COMMON_BLOCKS = YES;
				GCC_WARN_64_TO_32_BIT_CONVERSION = YES;
				GCC_WARN_ABOUT_RETURN_TYPE = YES_ERROR;
				GCC_WARN_UNDECLARED_SELECTOR = YES;
				GCC_WARN_UNINITIALIZED_AUTOS = YES_AGGRESSIVE;
				GCC_WARN_UNUSED_FUNCTION = YES;
				GCC_WARN_UNUSED_VARIABLE = YES;
				IPHONEOS_DEPLOYMENT_TARGET = 16.4;
				MTL_ENABLE_DEBUG_INFO = NO;
				MTL_FAST_MATH = YES;
				SDKROOT = iphoneos;
				SWIFT_COMPILATION_MODE = wholemodule;
				SWIFT_OPTIMIZATION_LEVEL = "-O";
				VALIDATE_PRODUCT = YES;
			};
			name = Release;
		};
		219602122A976305008F3427 /* Debug */ = {
			isa = XCBuildConfiguration;
			buildSettings = {
				ASSETCATALOG_COMPILER_APPICON_NAME = AppIcon;
				ASSETCATALOG_COMPILER_GLOBAL_ACCENT_COLOR_NAME = AccentColor;
				CODE_SIGN_STYLE = Automatic;
				CURRENT_PROJECT_VERSION = 1;
				DEVELOPMENT_TEAM = N8W395F695;
				GENERATE_INFOPLIST_FILE = YES;
				INFOPLIST_FILE = "OneLogin-Info.plist";
				INFOPLIST_KEY_CFBundleDisplayName = "One Login - Debug";
				INFOPLIST_KEY_UIApplicationSupportsIndirectInputEvents = YES;
				INFOPLIST_KEY_UILaunchStoryboardName = LaunchScreen;
				INFOPLIST_KEY_UIMainStoryboardFile = Main;
				INFOPLIST_KEY_UISupportedInterfaceOrientations_iPad = "UIInterfaceOrientationPortrait UIInterfaceOrientationPortraitUpsideDown UIInterfaceOrientationLandscapeLeft UIInterfaceOrientationLandscapeRight";
				INFOPLIST_KEY_UISupportedInterfaceOrientations_iPhone = "UIInterfaceOrientationPortrait UIInterfaceOrientationLandscapeLeft UIInterfaceOrientationLandscapeRight";
				LD_RUNPATH_SEARCH_PATHS = (
					"$(inherited)",
					"@executable_path/Frameworks",
				);
				MARKETING_VERSION = 1.0;
				PRODUCT_BUNDLE_IDENTIFIER = "uk.gov.one-login.staging";
				PRODUCT_NAME = "$(TARGET_NAME)";
				SWIFT_EMIT_LOC_STRINGS = YES;
				SWIFT_VERSION = 5.0;
				TARGETED_DEVICE_FAMILY = "1,2";
			};
			name = Debug;
		};
		219602132A976305008F3427 /* Release */ = {
			isa = XCBuildConfiguration;
			buildSettings = {
				ASSETCATALOG_COMPILER_APPICON_NAME = AppIcon;
				ASSETCATALOG_COMPILER_GLOBAL_ACCENT_COLOR_NAME = AccentColor;
				CODE_SIGN_STYLE = Automatic;
				CURRENT_PROJECT_VERSION = 1;
				DEVELOPMENT_TEAM = N8W395F695;
				GENERATE_INFOPLIST_FILE = YES;
				INFOPLIST_FILE = "OneLogin-Info.plist";
				INFOPLIST_KEY_CFBundleDisplayName = "One Login";
				INFOPLIST_KEY_UIApplicationSupportsIndirectInputEvents = YES;
				INFOPLIST_KEY_UILaunchStoryboardName = LaunchScreen;
				INFOPLIST_KEY_UIMainStoryboardFile = Main;
				INFOPLIST_KEY_UISupportedInterfaceOrientations_iPad = "UIInterfaceOrientationPortrait UIInterfaceOrientationPortraitUpsideDown UIInterfaceOrientationLandscapeLeft UIInterfaceOrientationLandscapeRight";
				INFOPLIST_KEY_UISupportedInterfaceOrientations_iPhone = "UIInterfaceOrientationPortrait UIInterfaceOrientationLandscapeLeft UIInterfaceOrientationLandscapeRight";
				LD_RUNPATH_SEARCH_PATHS = (
					"$(inherited)",
					"@executable_path/Frameworks",
				);
				MARKETING_VERSION = 1.0;
				PRODUCT_BUNDLE_IDENTIFIER = "uk.gov.one-login";
				PRODUCT_NAME = "$(TARGET_NAME)";
				SWIFT_EMIT_LOC_STRINGS = YES;
				SWIFT_VERSION = 5.0;
				TARGETED_DEVICE_FAMILY = "1,2";
			};
			name = Release;
		};
		219602152A976305008F3427 /* Debug */ = {
			isa = XCBuildConfiguration;
			buildSettings = {
				ALWAYS_EMBED_SWIFT_STANDARD_LIBRARIES = YES;
				BUNDLE_LOADER = "$(TEST_HOST)";
				CODE_SIGN_STYLE = Automatic;
				CURRENT_PROJECT_VERSION = 1;
				GENERATE_INFOPLIST_FILE = YES;
				IPHONEOS_DEPLOYMENT_TARGET = 16.4;
				MARKETING_VERSION = 1.0;
				PRODUCT_BUNDLE_IDENTIFIER = "com.example.di-mobile-ios-onelogin-appTests";
				PRODUCT_NAME = "$(TARGET_NAME)";
				SWIFT_EMIT_LOC_STRINGS = NO;
				SWIFT_VERSION = 5.0;
				TARGETED_DEVICE_FAMILY = "1,2";
				TEST_HOST = "$(BUILT_PRODUCTS_DIR)/OneLogin.app/$(BUNDLE_EXECUTABLE_FOLDER_PATH)/OneLogin";
			};
			name = Debug;
		};
		219602162A976305008F3427 /* Release */ = {
			isa = XCBuildConfiguration;
			buildSettings = {
				ALWAYS_EMBED_SWIFT_STANDARD_LIBRARIES = YES;
				BUNDLE_LOADER = "$(TEST_HOST)";
				CODE_SIGN_STYLE = Automatic;
				CURRENT_PROJECT_VERSION = 1;
				GENERATE_INFOPLIST_FILE = YES;
				IPHONEOS_DEPLOYMENT_TARGET = 16.4;
				MARKETING_VERSION = 1.0;
				PRODUCT_BUNDLE_IDENTIFIER = "com.example.di-mobile-ios-onelogin-appTests";
				PRODUCT_NAME = "$(TARGET_NAME)";
				SWIFT_EMIT_LOC_STRINGS = NO;
				SWIFT_VERSION = 5.0;
				TARGETED_DEVICE_FAMILY = "1,2";
				TEST_HOST = "$(BUILT_PRODUCTS_DIR)/OneLogin.app/$(BUNDLE_EXECUTABLE_FOLDER_PATH)/OneLogin";
			};
			name = Release;
		};
		219602182A976305008F3427 /* Debug */ = {
			isa = XCBuildConfiguration;
			buildSettings = {
				ALWAYS_EMBED_SWIFT_STANDARD_LIBRARIES = YES;
				CODE_SIGN_STYLE = Automatic;
				CURRENT_PROJECT_VERSION = 1;
				GENERATE_INFOPLIST_FILE = YES;
				MARKETING_VERSION = 1.0;
				PRODUCT_BUNDLE_IDENTIFIER = "com.example.di-mobile-ios-onelogin-appUITests";
				PRODUCT_NAME = "$(TARGET_NAME)";
				SWIFT_EMIT_LOC_STRINGS = NO;
				SWIFT_VERSION = 5.0;
				TARGETED_DEVICE_FAMILY = "1,2";
				TEST_TARGET_NAME = "di-mobile-ios-onelogin-app";
			};
			name = Debug;
		};
		219602192A976305008F3427 /* Release */ = {
			isa = XCBuildConfiguration;
			buildSettings = {
				ALWAYS_EMBED_SWIFT_STANDARD_LIBRARIES = YES;
				CODE_SIGN_STYLE = Automatic;
				CURRENT_PROJECT_VERSION = 1;
				GENERATE_INFOPLIST_FILE = YES;
				MARKETING_VERSION = 1.0;
				PRODUCT_BUNDLE_IDENTIFIER = "com.example.di-mobile-ios-onelogin-appUITests";
				PRODUCT_NAME = "$(TARGET_NAME)";
				SWIFT_EMIT_LOC_STRINGS = NO;
				SWIFT_VERSION = 5.0;
				TARGETED_DEVICE_FAMILY = "1,2";
				TEST_TARGET_NAME = "di-mobile-ios-onelogin-app";
			};
			name = Release;
		};
/* End XCBuildConfiguration section */

/* Begin XCConfigurationList section */
		219601E22A976302008F3427 /* Build configuration list for PBXProject "OneLogin" */ = {
			isa = XCConfigurationList;
			buildConfigurations = (
				2196020F2A976305008F3427 /* Debug */,
				219602102A976305008F3427 /* Release */,
			);
			defaultConfigurationIsVisible = 0;
			defaultConfigurationName = Release;
		};
		219602112A976305008F3427 /* Build configuration list for PBXNativeTarget "OneLogin" */ = {
			isa = XCConfigurationList;
			buildConfigurations = (
				219602122A976305008F3427 /* Debug */,
				219602132A976305008F3427 /* Release */,
			);
			defaultConfigurationIsVisible = 0;
			defaultConfigurationName = Release;
		};
		219602142A976305008F3427 /* Build configuration list for PBXNativeTarget "OneLoginTests" */ = {
			isa = XCConfigurationList;
			buildConfigurations = (
				219602152A976305008F3427 /* Debug */,
				219602162A976305008F3427 /* Release */,
			);
			defaultConfigurationIsVisible = 0;
			defaultConfigurationName = Release;
		};
		219602172A976305008F3427 /* Build configuration list for PBXNativeTarget "OneLoginUITests" */ = {
			isa = XCConfigurationList;
			buildConfigurations = (
				219602182A976305008F3427 /* Debug */,
				219602192A976305008F3427 /* Release */,
			);
			defaultConfigurationIsVisible = 0;
			defaultConfigurationName = Release;
		};
/* End XCConfigurationList section */
	};
	rootObject = 219601DF2A976302008F3427 /* Project object */;
}
