// !$*UTF8*$!
{
	archiveVersion = 1;
	classes = {
	};
	objectVersion = 56;
	objects = {

/* Begin PBXBuildFile section */
		219602022A976305008F3427 /* MainCoordinatorTests.swift in Sources */ = {isa = PBXBuildFile; fileRef = 219602012A976305008F3427 /* MainCoordinatorTests.swift */; };
		21E04DFA2AE6B52B004C6660 /* OneLoginAnalyticsService.swift in Sources */ = {isa = PBXBuildFile; fileRef = 21E04DF92AE6B52B004C6660 /* OneLoginAnalyticsService.swift */; };
		21E04DFC2AE6BC5B004C6660 /* MockAnalyticsService.swift in Sources */ = {isa = PBXBuildFile; fileRef = 21E04DFB2AE6BC5B004C6660 /* MockAnalyticsService.swift */; };
		21FA1C4D2AE183D20052136E /* MockLoginSession.swift in Sources */ = {isa = PBXBuildFile; fileRef = 21FA1C4B2AE183A50052136E /* MockLoginSession.swift */; };
		21FA1C502AE18C8B0052136E /* OneLoginIntroViewModelTests.swift in Sources */ = {isa = PBXBuildFile; fileRef = 21FA1C4E2AE18C6E0052136E /* OneLoginIntroViewModelTests.swift */; };
		3BBF28F02A9F7D3200491BB1 /* Assets.xcassets in Resources */ = {isa = PBXBuildFile; fileRef = 3BBF28E62A9F7D3200491BB1 /* Assets.xcassets */; };
		3BBF28F12A9F7D3200491BB1 /* LaunchScreen.storyboard in Resources */ = {isa = PBXBuildFile; fileRef = 3BBF28E82A9F7D3200491BB1 /* LaunchScreen.storyboard */; };
		3BBF28F32A9F7D3200491BB1 /* AppDelegate.swift in Sources */ = {isa = PBXBuildFile; fileRef = 3BBF28ED2A9F7D3200491BB1 /* AppDelegate.swift */; };
		3BBF28F42A9F7D3200491BB1 /* SceneDelegate.swift in Sources */ = {isa = PBXBuildFile; fileRef = 3BBF28EE2A9F7D3200491BB1 /* SceneDelegate.swift */; };
		4195E6CB2B0CD32F0065E2BB /* TokenCoordinator.swift in Sources */ = {isa = PBXBuildFile; fileRef = 4195E6CA2B0CD32F0065E2BB /* TokenCoordinator.swift */; };
		C8098B972AEFF1AB001517A0 /* LoginSessionConfiguration+OneLogin.swift in Sources */ = {isa = PBXBuildFile; fileRef = C8098B962AEFF1AB001517A0 /* LoginSessionConfiguration+OneLogin.swift */; };
		C8098B992AEFF287001517A0 /* AnalyticsService+GDS.swift in Sources */ = {isa = PBXBuildFile; fileRef = C8098B982AEFF287001517A0 /* AnalyticsService+GDS.swift */; };
		C80B871A2B029E230087C6D5 /* LoginUITests.swift in Sources */ = {isa = PBXBuildFile; fileRef = C80B87192B029E230087C6D5 /* LoginUITests.swift */; };
		C80B871F2B029EAB0087C6D5 /* LoginModal.swift in Sources */ = {isa = PBXBuildFile; fileRef = C80B871E2B029EAB0087C6D5 /* LoginModal.swift */; };
		C80B87212B029EBB0087C6D5 /* WelcomeScreen.swift in Sources */ = {isa = PBXBuildFile; fileRef = C80B87202B029EBB0087C6D5 /* WelcomeScreen.swift */; };
		C80B87232B029EE90087C6D5 /* TimeInterval.swift in Sources */ = {isa = PBXBuildFile; fileRef = C80B87222B029EE90087C6D5 /* TimeInterval.swift */; };
		C80B87262B029F1A0087C6D5 /* XCUIElement.swift in Sources */ = {isa = PBXBuildFile; fileRef = C80B87252B029F1A0087C6D5 /* XCUIElement.swift */; };
		C80B87282B029F440087C6D5 /* ScreenObject.swift in Sources */ = {isa = PBXBuildFile; fileRef = C80B87272B029F440087C6D5 /* ScreenObject.swift */; };
		C8178E3E2AEB2CA300059875 /* IntroAnalytics.swift in Sources */ = {isa = PBXBuildFile; fileRef = C8178E3D2AEB2CA300059875 /* IntroAnalytics.swift */; };
		C8520C222AE2B642006790C1 /* TokenResponse.json in Resources */ = {isa = PBXBuildFile; fileRef = C8520C212AE2B642006790C1 /* TokenResponse.json */; };
		C8520C252AE2BFAD006790C1 /* UIView+TestExtensions.swift in Sources */ = {isa = PBXBuildFile; fileRef = C8520C242AE2BFAD006790C1 /* UIView+TestExtensions.swift */; };
		C8520C272AE2C0D1006790C1 /* IntroViewControllerTests.swift in Sources */ = {isa = PBXBuildFile; fileRef = C8520C262AE2C0D1006790C1 /* IntroViewControllerTests.swift */; };
		C8520C2B2AE2C223006790C1 /* OnboardingViewControllerFactory.swift in Sources */ = {isa = PBXBuildFile; fileRef = C8520C292AE2C1C5006790C1 /* OnboardingViewControllerFactory.swift */; };
		C8520C2E2AE2C822006790C1 /* MockTokenResponse.swift in Sources */ = {isa = PBXBuildFile; fileRef = C8520C2D2AE2C822006790C1 /* MockTokenResponse.swift */; };
		C85966482AEC31AE006DF61D /* OnboardingViewControllerFactoryTests.swift in Sources */ = {isa = PBXBuildFile; fileRef = C85966472AEC31AE006DF61D /* OnboardingViewControllerFactoryTests.swift */; };
		C85DF84A2AEBFF180064F68E /* MockOneLoginIntroViewModel.swift in Sources */ = {isa = PBXBuildFile; fileRef = C85DF8492AEBFF180064F68E /* MockOneLoginIntroViewModel.swift */; };
		C85E21042ACEE34900AF8B4E /* MainCoordinator.swift in Sources */ = {isa = PBXBuildFile; fileRef = C85E21032ACEE34900AF8B4E /* MainCoordinator.swift */; };
		C85E210D2ACEE93C00AF8B4E /* OneLoginIntroViewModel.swift in Sources */ = {isa = PBXBuildFile; fileRef = C85E210C2ACEE93C00AF8B4E /* OneLoginIntroViewModel.swift */; };
		C85E21182ACEECD800AF8B4E /* AnalyticsButtonViewModel.swift in Sources */ = {isa = PBXBuildFile; fileRef = C85E21172ACEECD800AF8B4E /* AnalyticsButtonViewModel.swift */; };
		C873B1D82AF82403002C39E8 /* OneLoginBuild.xctestplan in Resources */ = {isa = PBXBuildFile; fileRef = C873B1D52AF82403002C39E8 /* OneLoginBuild.xctestplan */; };
		C873B1D92AF82403002C39E8 /* OneLoginStaging.xctestplan in Resources */ = {isa = PBXBuildFile; fileRef = C873B1D62AF82403002C39E8 /* OneLoginStaging.xctestplan */; };
		C873B1DA2AF82403002C39E8 /* OneLoginUnit.xctestplan in Resources */ = {isa = PBXBuildFile; fileRef = C873B1D72AF82403002C39E8 /* OneLoginUnit.xctestplan */; };
		C873B1E42AF82700002C39E8 /* StagingAppEnvironmentTests.swift in Sources */ = {isa = PBXBuildFile; fileRef = C873B1E12AF826D3002C39E8 /* StagingAppEnvironmentTests.swift */; };
		C873B1E52AF82706002C39E8 /* BuildAppEnvironmentTests.swift in Sources */ = {isa = PBXBuildFile; fileRef = C873B1DF2AF826D3002C39E8 /* BuildAppEnvironmentTests.swift */; };
		C880DDE22AEAB6C100020796 /* AppEnvironment.swift in Sources */ = {isa = PBXBuildFile; fileRef = C880DDE12AEAB6C100020796 /* AppEnvironment.swift */; };
		C89632ED2B0D0886002A1473 /* TokensView.xib in Resources */ = {isa = PBXBuildFile; fileRef = C89632EC2B0D0886002A1473 /* TokensView.xib */; };
		C89632EF2B0D0895002A1473 /* TokensViewController.swift in Sources */ = {isa = PBXBuildFile; fileRef = C89632EE2B0D0895002A1473 /* TokensViewController.swift */; };
		C8A13C9F2AFBD05700FCBD36 /* GDSAnalytics in Frameworks */ = {isa = PBXBuildFile; productRef = C8A13C9E2AFBD05700FCBD36 /* GDSAnalytics */; };
		C8A13CA12AFBD05700FCBD36 /* GDSCommon in Frameworks */ = {isa = PBXBuildFile; productRef = C8A13CA02AFBD05700FCBD36 /* GDSCommon */; };
		C8A13CA42AFBD07E00FCBD36 /* Authentication in Frameworks */ = {isa = PBXBuildFile; productRef = C8A13CA32AFBD07E00FCBD36 /* Authentication */; };
		C8A13CA62AFBD07E00FCBD36 /* UserDetails in Frameworks */ = {isa = PBXBuildFile; productRef = C8A13CA52AFBD07E00FCBD36 /* UserDetails */; };
		C8A13CA92AFBD0CC00FCBD36 /* GAnalytics in Frameworks */ = {isa = PBXBuildFile; productRef = C8A13CA82AFBD0CC00FCBD36 /* GAnalytics */; };
		C8A13CAB2AFBD0CC00FCBD36 /* HTTPLogging in Frameworks */ = {isa = PBXBuildFile; productRef = C8A13CAA2AFBD0CC00FCBD36 /* HTTPLogging */; };
		C8A13CAD2AFBD0CC00FCBD36 /* Logging in Frameworks */ = {isa = PBXBuildFile; productRef = C8A13CAC2AFBD0CC00FCBD36 /* Logging */; };
		C8A13CB02AFBD0F100FCBD36 /* Coordination in Frameworks */ = {isa = PBXBuildFile; productRef = C8A13CAF2AFBD0F100FCBD36 /* Coordination */; };
		C8B320792B062F9100FECDF0 /* AuthenticationCoordinator.swift in Sources */ = {isa = PBXBuildFile; fileRef = C8B320782B062F9100FECDF0 /* AuthenticationCoordinator.swift */; };
		C8B3207B2B063CA100FECDF0 /* AuthenticationCoordinatorTests.swift in Sources */ = {isa = PBXBuildFile; fileRef = C8B3207A2B063CA100FECDF0 /* AuthenticationCoordinatorTests.swift */; };
		C8B5EFC52B0E53EE004EA4D4 /* XCTestCase+Extensions.swift in Sources */ = {isa = PBXBuildFile; fileRef = C8B5EFC42B0E53EE004EA4D4 /* XCTestCase+Extensions.swift */; };
		C8EBE8042AEFB7FF009B8A06 /* LoginSessionConfigurationTests.swift in Sources */ = {isa = PBXBuildFile; fileRef = C8EBE8032AEFB7FF009B8A06 /* LoginSessionConfigurationTests.swift */; };
/* End PBXBuildFile section */

/* Begin PBXContainerItemProxy section */
		219601FE2A976305008F3427 /* PBXContainerItemProxy */ = {
			isa = PBXContainerItemProxy;
			containerPortal = 219601DF2A976302008F3427 /* Project object */;
			proxyType = 1;
			remoteGlobalIDString = 219601E62A976302008F3427;
			remoteInfo = "di-mobile-ios-onelogin-app";
		};
		219602082A976305008F3427 /* PBXContainerItemProxy */ = {
			isa = PBXContainerItemProxy;
			containerPortal = 219601DF2A976302008F3427 /* Project object */;
			proxyType = 1;
			remoteGlobalIDString = 219601E62A976302008F3427;
			remoteInfo = "di-mobile-ios-onelogin-app";
		};
		25537C412AF2B2600059DCD2 /* PBXContainerItemProxy */ = {
			isa = PBXContainerItemProxy;
			containerPortal = 219601DF2A976302008F3427 /* Project object */;
			proxyType = 1;
			remoteGlobalIDString = 219601E62A976302008F3427;
			remoteInfo = OneLogin;
		};
		25537C522AF2B38E0059DCD2 /* PBXContainerItemProxy */ = {
			isa = PBXContainerItemProxy;
			containerPortal = 219601DF2A976302008F3427 /* Project object */;
			proxyType = 1;
			remoteGlobalIDString = 219601E62A976302008F3427;
			remoteInfo = OneLogin;
		};
/* End PBXContainerItemProxy section */

/* Begin PBXFileReference section */
		219601E72A976302008F3427 /* OneLogin.app */ = {isa = PBXFileReference; explicitFileType = wrapper.application; includeInIndex = 0; path = OneLogin.app; sourceTree = BUILT_PRODUCTS_DIR; };
		219601FD2A976305008F3427 /* OneLoginUnitTests.xctest */ = {isa = PBXFileReference; explicitFileType = wrapper.cfbundle; includeInIndex = 0; path = OneLoginUnitTests.xctest; sourceTree = BUILT_PRODUCTS_DIR; };
		219602012A976305008F3427 /* MainCoordinatorTests.swift */ = {isa = PBXFileReference; lastKnownFileType = sourcecode.swift; path = MainCoordinatorTests.swift; sourceTree = "<group>"; };
		219602072A976305008F3427 /* OneLoginUITests.xctest */ = {isa = PBXFileReference; explicitFileType = wrapper.cfbundle; includeInIndex = 0; path = OneLoginUITests.xctest; sourceTree = BUILT_PRODUCTS_DIR; };
		21E04DF92AE6B52B004C6660 /* OneLoginAnalyticsService.swift */ = {isa = PBXFileReference; lastKnownFileType = sourcecode.swift; path = OneLoginAnalyticsService.swift; sourceTree = "<group>"; };
		21E04DFB2AE6BC5B004C6660 /* MockAnalyticsService.swift */ = {isa = PBXFileReference; lastKnownFileType = sourcecode.swift; path = MockAnalyticsService.swift; sourceTree = "<group>"; };
		21FA1C4B2AE183A50052136E /* MockLoginSession.swift */ = {isa = PBXFileReference; lastKnownFileType = sourcecode.swift; path = MockLoginSession.swift; sourceTree = "<group>"; };
		21FA1C4E2AE18C6E0052136E /* OneLoginIntroViewModelTests.swift */ = {isa = PBXFileReference; lastKnownFileType = sourcecode.swift; path = OneLoginIntroViewModelTests.swift; sourceTree = "<group>"; };
		25537C3D2AF2B2600059DCD2 /* OneLoginStagingConfigTests.xctest */ = {isa = PBXFileReference; explicitFileType = wrapper.cfbundle; includeInIndex = 0; path = OneLoginStagingConfigTests.xctest; sourceTree = BUILT_PRODUCTS_DIR; };
		25537C4E2AF2B38E0059DCD2 /* OneLoginBuildConfigTests.xctest */ = {isa = PBXFileReference; explicitFileType = wrapper.cfbundle; includeInIndex = 0; path = OneLoginBuildConfigTests.xctest; sourceTree = BUILT_PRODUCTS_DIR; };
		3BBF28E62A9F7D3200491BB1 /* Assets.xcassets */ = {isa = PBXFileReference; lastKnownFileType = folder.assetcatalog; path = Assets.xcassets; sourceTree = "<group>"; };
		3BBF28E92A9F7D3200491BB1 /* Base */ = {isa = PBXFileReference; lastKnownFileType = file.storyboard; name = Base; path = Base.lproj/LaunchScreen.storyboard; sourceTree = "<group>"; };
		3BBF28ED2A9F7D3200491BB1 /* AppDelegate.swift */ = {isa = PBXFileReference; fileEncoding = 4; lastKnownFileType = sourcecode.swift; path = AppDelegate.swift; sourceTree = "<group>"; };
		3BBF28EE2A9F7D3200491BB1 /* SceneDelegate.swift */ = {isa = PBXFileReference; fileEncoding = 4; lastKnownFileType = sourcecode.swift; path = SceneDelegate.swift; sourceTree = "<group>"; };
		3BBF28F52A9F7D4900491BB1 /* OneLogin-Info.plist */ = {isa = PBXFileReference; fileEncoding = 4; lastKnownFileType = text.plist.xml; path = "OneLogin-Info.plist"; sourceTree = "<group>"; };
		412B95A02B0529B800C390B2 /* OneLoginStaging.entitlements */ = {isa = PBXFileReference; lastKnownFileType = text.plist.entitlements; path = OneLoginStaging.entitlements; sourceTree = "<group>"; };
		4195E6CA2B0CD32F0065E2BB /* TokenCoordinator.swift */ = {isa = PBXFileReference; lastKnownFileType = sourcecode.swift; path = TokenCoordinator.swift; sourceTree = "<group>"; };
		C8098B962AEFF1AB001517A0 /* LoginSessionConfiguration+OneLogin.swift */ = {isa = PBXFileReference; lastKnownFileType = sourcecode.swift; path = "LoginSessionConfiguration+OneLogin.swift"; sourceTree = "<group>"; };
		C8098B982AEFF287001517A0 /* AnalyticsService+GDS.swift */ = {isa = PBXFileReference; lastKnownFileType = sourcecode.swift; path = "AnalyticsService+GDS.swift"; sourceTree = "<group>"; };
		C80B87192B029E230087C6D5 /* LoginUITests.swift */ = {isa = PBXFileReference; lastKnownFileType = sourcecode.swift; path = LoginUITests.swift; sourceTree = "<group>"; };
		C80B871E2B029EAB0087C6D5 /* LoginModal.swift */ = {isa = PBXFileReference; lastKnownFileType = sourcecode.swift; path = LoginModal.swift; sourceTree = "<group>"; };
		C80B87202B029EBB0087C6D5 /* WelcomeScreen.swift */ = {isa = PBXFileReference; lastKnownFileType = sourcecode.swift; path = WelcomeScreen.swift; sourceTree = "<group>"; };
		C80B87222B029EE90087C6D5 /* TimeInterval.swift */ = {isa = PBXFileReference; lastKnownFileType = sourcecode.swift; path = TimeInterval.swift; sourceTree = "<group>"; };
		C80B87252B029F1A0087C6D5 /* XCUIElement.swift */ = {isa = PBXFileReference; lastKnownFileType = sourcecode.swift; path = XCUIElement.swift; sourceTree = "<group>"; };
		C80B87272B029F440087C6D5 /* ScreenObject.swift */ = {isa = PBXFileReference; lastKnownFileType = sourcecode.swift; path = ScreenObject.swift; sourceTree = "<group>"; };
		C8178E3D2AEB2CA300059875 /* IntroAnalytics.swift */ = {isa = PBXFileReference; lastKnownFileType = sourcecode.swift; path = IntroAnalytics.swift; sourceTree = "<group>"; };
		C8520C212AE2B642006790C1 /* TokenResponse.json */ = {isa = PBXFileReference; lastKnownFileType = text.json; path = TokenResponse.json; sourceTree = "<group>"; };
		C8520C242AE2BFAD006790C1 /* UIView+TestExtensions.swift */ = {isa = PBXFileReference; lastKnownFileType = sourcecode.swift; path = "UIView+TestExtensions.swift"; sourceTree = "<group>"; };
		C8520C262AE2C0D1006790C1 /* IntroViewControllerTests.swift */ = {isa = PBXFileReference; lastKnownFileType = sourcecode.swift; path = IntroViewControllerTests.swift; sourceTree = "<group>"; };
		C8520C292AE2C1C5006790C1 /* OnboardingViewControllerFactory.swift */ = {isa = PBXFileReference; lastKnownFileType = sourcecode.swift; path = OnboardingViewControllerFactory.swift; sourceTree = "<group>"; };
		C8520C2D2AE2C822006790C1 /* MockTokenResponse.swift */ = {isa = PBXFileReference; lastKnownFileType = sourcecode.swift; path = MockTokenResponse.swift; sourceTree = "<group>"; };
		C85966472AEC31AE006DF61D /* OnboardingViewControllerFactoryTests.swift */ = {isa = PBXFileReference; fileEncoding = 4; lastKnownFileType = sourcecode.swift; path = OnboardingViewControllerFactoryTests.swift; sourceTree = "<group>"; };
		C85BD2412B03DC8800DE1D4B /* OneLoginBuild.entitlements */ = {isa = PBXFileReference; lastKnownFileType = text.plist.entitlements; path = OneLoginBuild.entitlements; sourceTree = "<group>"; };
		C85DF8492AEBFF180064F68E /* MockOneLoginIntroViewModel.swift */ = {isa = PBXFileReference; lastKnownFileType = sourcecode.swift; path = MockOneLoginIntroViewModel.swift; sourceTree = "<group>"; };
		C85E21032ACEE34900AF8B4E /* MainCoordinator.swift */ = {isa = PBXFileReference; lastKnownFileType = sourcecode.swift; path = MainCoordinator.swift; sourceTree = "<group>"; };
		C85E210C2ACEE93C00AF8B4E /* OneLoginIntroViewModel.swift */ = {isa = PBXFileReference; lastKnownFileType = sourcecode.swift; path = OneLoginIntroViewModel.swift; sourceTree = "<group>"; };
		C85E21172ACEECD800AF8B4E /* AnalyticsButtonViewModel.swift */ = {isa = PBXFileReference; lastKnownFileType = sourcecode.swift; path = AnalyticsButtonViewModel.swift; sourceTree = "<group>"; };
		C873B1D52AF82403002C39E8 /* OneLoginBuild.xctestplan */ = {isa = PBXFileReference; fileEncoding = 4; lastKnownFileType = text; path = OneLoginBuild.xctestplan; sourceTree = "<group>"; };
		C873B1D62AF82403002C39E8 /* OneLoginStaging.xctestplan */ = {isa = PBXFileReference; fileEncoding = 4; lastKnownFileType = text; path = OneLoginStaging.xctestplan; sourceTree = "<group>"; };
		C873B1D72AF82403002C39E8 /* OneLoginUnit.xctestplan */ = {isa = PBXFileReference; fileEncoding = 4; lastKnownFileType = text; path = OneLoginUnit.xctestplan; sourceTree = "<group>"; };
		C873B1DF2AF826D3002C39E8 /* BuildAppEnvironmentTests.swift */ = {isa = PBXFileReference; fileEncoding = 4; lastKnownFileType = sourcecode.swift; path = BuildAppEnvironmentTests.swift; sourceTree = "<group>"; };
		C873B1E12AF826D3002C39E8 /* StagingAppEnvironmentTests.swift */ = {isa = PBXFileReference; fileEncoding = 4; lastKnownFileType = sourcecode.swift; path = StagingAppEnvironmentTests.swift; sourceTree = "<group>"; };
		C880DDE12AEAB6C100020796 /* AppEnvironment.swift */ = {isa = PBXFileReference; lastKnownFileType = sourcecode.swift; path = AppEnvironment.swift; sourceTree = "<group>"; };
		C89632EC2B0D0886002A1473 /* TokensView.xib */ = {isa = PBXFileReference; fileEncoding = 4; lastKnownFileType = file.xib; name = TokensView.xib; path = Sources/Screens/Tokens/TokensView.xib; sourceTree = SOURCE_ROOT; };
		C89632EE2B0D0895002A1473 /* TokensViewController.swift */ = {isa = PBXFileReference; fileEncoding = 4; lastKnownFileType = sourcecode.swift; name = TokensViewController.swift; path = Sources/Screens/Tokens/TokensViewController.swift; sourceTree = SOURCE_ROOT; };
		C8B320782B062F9100FECDF0 /* AuthenticationCoordinator.swift */ = {isa = PBXFileReference; lastKnownFileType = sourcecode.swift; path = AuthenticationCoordinator.swift; sourceTree = "<group>"; };
		C8B3207A2B063CA100FECDF0 /* AuthenticationCoordinatorTests.swift */ = {isa = PBXFileReference; lastKnownFileType = sourcecode.swift; path = AuthenticationCoordinatorTests.swift; sourceTree = "<group>"; };
		C8B5EFC42B0E53EE004EA4D4 /* XCTestCase+Extensions.swift */ = {isa = PBXFileReference; lastKnownFileType = sourcecode.swift; path = "XCTestCase+Extensions.swift"; sourceTree = "<group>"; };
		C8C57CE32B0237620010D395 /* OneLoginUI.xctestplan */ = {isa = PBXFileReference; lastKnownFileType = text; path = OneLoginUI.xctestplan; sourceTree = "<group>"; };
		C8EBE8032AEFB7FF009B8A06 /* LoginSessionConfigurationTests.swift */ = {isa = PBXFileReference; lastKnownFileType = sourcecode.swift; path = LoginSessionConfigurationTests.swift; sourceTree = "<group>"; };
/* End PBXFileReference section */

/* Begin PBXFrameworksBuildPhase section */
		219601E42A976302008F3427 /* Frameworks */ = {
			isa = PBXFrameworksBuildPhase;
			buildActionMask = 2147483647;
			files = (
				C8A13CA62AFBD07E00FCBD36 /* UserDetails in Frameworks */,
				C8A13CA12AFBD05700FCBD36 /* GDSCommon in Frameworks */,
				C8A13C9F2AFBD05700FCBD36 /* GDSAnalytics in Frameworks */,
				C8A13CA92AFBD0CC00FCBD36 /* GAnalytics in Frameworks */,
				C8A13CA42AFBD07E00FCBD36 /* Authentication in Frameworks */,
				C8A13CB02AFBD0F100FCBD36 /* Coordination in Frameworks */,
				C8A13CAB2AFBD0CC00FCBD36 /* HTTPLogging in Frameworks */,
				C8A13CAD2AFBD0CC00FCBD36 /* Logging in Frameworks */,
			);
			runOnlyForDeploymentPostprocessing = 0;
		};
		219601FA2A976305008F3427 /* Frameworks */ = {
			isa = PBXFrameworksBuildPhase;
			buildActionMask = 2147483647;
			files = (
			);
			runOnlyForDeploymentPostprocessing = 0;
		};
		219602042A976305008F3427 /* Frameworks */ = {
			isa = PBXFrameworksBuildPhase;
			buildActionMask = 2147483647;
			files = (
			);
			runOnlyForDeploymentPostprocessing = 0;
		};
		25537C3A2AF2B2600059DCD2 /* Frameworks */ = {
			isa = PBXFrameworksBuildPhase;
			buildActionMask = 2147483647;
			files = (
			);
			runOnlyForDeploymentPostprocessing = 0;
		};
		25537C4B2AF2B38E0059DCD2 /* Frameworks */ = {
			isa = PBXFrameworksBuildPhase;
			buildActionMask = 2147483647;
			files = (
			);
			runOnlyForDeploymentPostprocessing = 0;
		};
/* End PBXFrameworksBuildPhase section */

/* Begin PBXGroup section */
		219601DE2A976302008F3427 = {
			isa = PBXGroup;
			children = (
				412B95A02B0529B800C390B2 /* OneLoginStaging.entitlements */,
				C85BD2412B03DC8800DE1D4B /* OneLoginBuild.entitlements */,
				3BBF28F52A9F7D4900491BB1 /* OneLogin-Info.plist */,
				3BBF28E42A9F7D3200491BB1 /* Sources */,
				219602002A976305008F3427 /* Tests */,
				219601E82A976302008F3427 /* Products */,
				C85E211C2ACEEFC400AF8B4E /* Frameworks */,
			);
			sourceTree = "<group>";
		};
		219601E82A976302008F3427 /* Products */ = {
			isa = PBXGroup;
			children = (
				219601E72A976302008F3427 /* OneLogin.app */,
				219601FD2A976305008F3427 /* OneLoginUnitTests.xctest */,
				219602072A976305008F3427 /* OneLoginUITests.xctest */,
				25537C3D2AF2B2600059DCD2 /* OneLoginStagingConfigTests.xctest */,
				25537C4E2AF2B38E0059DCD2 /* OneLoginBuildConfigTests.xctest */,
			);
			name = Products;
			sourceTree = "<group>";
		};
		219602002A976305008F3427 /* Tests */ = {
			isa = PBXGroup;
			children = (
				C8E6C7662AF8223B008C19C9 /* TestPlans */,
				C8E6C7632AF821D2008C19C9 /* UnitTests */,
				C8BA48F62AF3FFBF0028282D /* ConfigTests */,
				2196020A2A976305008F3427 /* UITests */,
			);
			path = Tests;
			sourceTree = "<group>";
		};
		2196020A2A976305008F3427 /* UITests */ = {
			isa = PBXGroup;
			children = (
				C80B871B2B029E650087C6D5 /* ScreenObjects */,
				C80B87192B029E230087C6D5 /* LoginUITests.swift */,
			);
			path = UITests;
			sourceTree = "<group>";
		};
		21FA1C4A2AE183830052136E /* Mocks */ = {
			isa = PBXGroup;
			children = (
				C85DF8432AEBFDCC0064F68E /* Sessions+Services */,
				C85DF8442AEBFDF00064F68E /* ReturnTypes */,
				C85DF8482AEBFEE20064F68E /* ViewModels */,
			);
			path = Mocks;
			sourceTree = "<group>";
		};
		3BBF28E42A9F7D3200491BB1 /* Sources */ = {
			isa = PBXGroup;
			children = (
				C8178E3C2AEB2C8600059875 /* Analytics */,
				3BBF28EC2A9F7D3200491BB1 /* Application */,
				C8098B942AEFF18C001517A0 /* Extensions */,
				C85E21012ACEE32B00AF8B4E /* Onboarding */,
				C85C874B2AD40479001274AC /* Resources */,
				C8520C282AE2C1AD006790C1 /* Utilities */,
				4195E6C62B0CC6C50065E2BB /* Screens */,
				C85E21152ACEECB000AF8B4E /* Views */,
				3BBF28E62A9F7D3200491BB1 /* Assets.xcassets */,
			);
			path = Sources;
			sourceTree = "<group>";
		};
		3BBF28EC2A9F7D3200491BB1 /* Application */ = {
			isa = PBXGroup;
			children = (
				3BBF28ED2A9F7D3200491BB1 /* AppDelegate.swift */,
				3BBF28EE2A9F7D3200491BB1 /* SceneDelegate.swift */,
				C880DDE12AEAB6C100020796 /* AppEnvironment.swift */,
			);
			path = Application;
			sourceTree = "<group>";
		};
		4195E6C62B0CC6C50065E2BB /* Screens */ = {
			isa = PBXGroup;
			children = (
				4195E6C72B0CC6CD0065E2BB /* Tokens */,
			);
			path = Screens;
			sourceTree = "<group>";
		};
		4195E6C72B0CC6CD0065E2BB /* Tokens */ = {
			isa = PBXGroup;
			children = (
				C89632EC2B0D0886002A1473 /* TokensView.xib */,
				C89632EE2B0D0895002A1473 /* TokensViewController.swift */,
			);
			path = Tokens;
			sourceTree = "<group>";
		};
		C8098B942AEFF18C001517A0 /* Extensions */ = {
			isa = PBXGroup;
			children = (
				C8098B952AEFF198001517A0 /* CustomTypes */,
			);
			path = Extensions;
			sourceTree = "<group>";
		};
		C8098B952AEFF198001517A0 /* CustomTypes */ = {
			isa = PBXGroup;
			children = (
				C8098B962AEFF1AB001517A0 /* LoginSessionConfiguration+OneLogin.swift */,
				C8098B982AEFF287001517A0 /* AnalyticsService+GDS.swift */,
			);
			path = CustomTypes;
			sourceTree = "<group>";
		};
		C80B871B2B029E650087C6D5 /* ScreenObjects */ = {
			isa = PBXGroup;
			children = (
				C80B871D2B029E810087C6D5 /* Helpers */,
				C80B871C2B029E7C0087C6D5 /* App */,
				C80B87272B029F440087C6D5 /* ScreenObject.swift */,
			);
			path = ScreenObjects;
			sourceTree = "<group>";
		};
		C80B871C2B029E7C0087C6D5 /* App */ = {
			isa = PBXGroup;
			children = (
				C80B87202B029EBB0087C6D5 /* WelcomeScreen.swift */,
				C80B871E2B029EAB0087C6D5 /* LoginModal.swift */,
			);
			path = App;
			sourceTree = "<group>";
		};
		C80B871D2B029E810087C6D5 /* Helpers */ = {
			isa = PBXGroup;
			children = (
				C80B87222B029EE90087C6D5 /* TimeInterval.swift */,
				C80B87252B029F1A0087C6D5 /* XCUIElement.swift */,
			);
			path = Helpers;
			sourceTree = "<group>";
		};
		C8178E3C2AEB2C8600059875 /* Analytics */ = {
			isa = PBXGroup;
			children = (
				C8178E3F2AEB2DFE00059875 /* Onboarding */,
			);
			path = Analytics;
			sourceTree = "<group>";
		};
		C8178E3F2AEB2DFE00059875 /* Onboarding */ = {
			isa = PBXGroup;
			children = (
				C8178E3D2AEB2CA300059875 /* IntroAnalytics.swift */,
			);
			path = Onboarding;
			sourceTree = "<group>";
		};
		C8520C232AE2BF8E006790C1 /* TestExtensions */ = {
			isa = PBXGroup;
			children = (
				C8520C242AE2BFAD006790C1 /* UIView+TestExtensions.swift */,
				C8B5EFC42B0E53EE004EA4D4 /* XCTestCase+Extensions.swift */,
			);
			path = TestExtensions;
			sourceTree = "<group>";
		};
		C8520C282AE2C1AD006790C1 /* Utilities */ = {
			isa = PBXGroup;
			children = (
				C8520C292AE2C1C5006790C1 /* OnboardingViewControllerFactory.swift */,
				21E04DF92AE6B52B004C6660 /* OneLoginAnalyticsService.swift */,
			);
			path = Utilities;
			sourceTree = "<group>";
		};
		C8520C2C2AE2C546006790C1 /* Onboarding */ = {
			isa = PBXGroup;
			children = (
				219602012A976305008F3427 /* MainCoordinatorTests.swift */,
				C8B3207A2B063CA100FECDF0 /* AuthenticationCoordinatorTests.swift */,
				C85DF8472AEBFE6D0064F68E /* Welcome */,
			);
			path = Onboarding;
			sourceTree = "<group>";
		};
		C85966462AEC31AE006DF61D /* Utilities */ = {
			isa = PBXGroup;
			children = (
				C85966472AEC31AE006DF61D /* OnboardingViewControllerFactoryTests.swift */,
			);
			path = Utilities;
			sourceTree = "<group>";
		};
		C85C874B2AD40479001274AC /* Resources */ = {
			isa = PBXGroup;
			children = (
				3BBF28E82A9F7D3200491BB1 /* LaunchScreen.storyboard */,
			);
			path = Resources;
			sourceTree = "<group>";
		};
		C85DF8432AEBFDCC0064F68E /* Sessions+Services */ = {
			isa = PBXGroup;
			children = (
				21E04DFB2AE6BC5B004C6660 /* MockAnalyticsService.swift */,
				21FA1C4B2AE183A50052136E /* MockLoginSession.swift */,
			);
			path = "Sessions+Services";
			sourceTree = "<group>";
		};
		C85DF8442AEBFDF00064F68E /* ReturnTypes */ = {
			isa = PBXGroup;
			children = (
				C8520C2D2AE2C822006790C1 /* MockTokenResponse.swift */,
				C8520C212AE2B642006790C1 /* TokenResponse.json */,
			);
			path = ReturnTypes;
			sourceTree = "<group>";
		};
		C85DF8472AEBFE6D0064F68E /* Welcome */ = {
			isa = PBXGroup;
			children = (
				C8520C262AE2C0D1006790C1 /* IntroViewControllerTests.swift */,
				21FA1C4E2AE18C6E0052136E /* OneLoginIntroViewModelTests.swift */,
			);
			path = Welcome;
			sourceTree = "<group>";
		};
		C85DF8482AEBFEE20064F68E /* ViewModels */ = {
			isa = PBXGroup;
			children = (
				C85DF8492AEBFF180064F68E /* MockOneLoginIntroViewModel.swift */,
			);
			path = ViewModels;
			sourceTree = "<group>";
		};
		C85DF8502AEC1C6E0064F68E /* Extensions */ = {
			isa = PBXGroup;
			children = (
				C8EBE8032AEFB7FF009B8A06 /* LoginSessionConfigurationTests.swift */,
			);
			path = Extensions;
			sourceTree = "<group>";
		};
		C85E21012ACEE32B00AF8B4E /* Onboarding */ = {
			isa = PBXGroup;
			children = (
				C85E21032ACEE34900AF8B4E /* MainCoordinator.swift */,
				C8B320782B062F9100FECDF0 /* AuthenticationCoordinator.swift */,
				4195E6CA2B0CD32F0065E2BB /* TokenCoordinator.swift */,
				C85E210B2ACEE92900AF8B4E /* Welcome */,
			);
			path = Onboarding;
			sourceTree = "<group>";
		};
		C85E210B2ACEE92900AF8B4E /* Welcome */ = {
			isa = PBXGroup;
			children = (
				C85E210C2ACEE93C00AF8B4E /* OneLoginIntroViewModel.swift */,
			);
			path = Welcome;
			sourceTree = "<group>";
		};
		C85E21152ACEECB000AF8B4E /* Views */ = {
			isa = PBXGroup;
			children = (
				C85E21162ACEECC600AF8B4E /* Buttons */,
			);
			path = Views;
			sourceTree = "<group>";
		};
		C85E21162ACEECC600AF8B4E /* Buttons */ = {
			isa = PBXGroup;
			children = (
				C85E21172ACEECD800AF8B4E /* AnalyticsButtonViewModel.swift */,
			);
			path = Buttons;
			sourceTree = "<group>";
		};
		C85E211C2ACEEFC400AF8B4E /* Frameworks */ = {
			isa = PBXGroup;
			children = (
			);
			name = Frameworks;
			sourceTree = "<group>";
		};
		C873B1DE2AF826D3002C39E8 /* BuildConfig */ = {
			isa = PBXGroup;
			children = (
				C873B1DF2AF826D3002C39E8 /* BuildAppEnvironmentTests.swift */,
			);
			path = BuildConfig;
			sourceTree = "<group>";
		};
		C873B1E02AF826D3002C39E8 /* StagingConfig */ = {
			isa = PBXGroup;
			children = (
				C873B1E12AF826D3002C39E8 /* StagingAppEnvironmentTests.swift */,
			);
			path = StagingConfig;
			sourceTree = "<group>";
		};
		C8BA48F62AF3FFBF0028282D /* ConfigTests */ = {
			isa = PBXGroup;
			children = (
				C873B1DE2AF826D3002C39E8 /* BuildConfig */,
				C873B1E02AF826D3002C39E8 /* StagingConfig */,
			);
			path = ConfigTests;
			sourceTree = "<group>";
		};
		C8E6C7632AF821D2008C19C9 /* UnitTests */ = {
			isa = PBXGroup;
			children = (
				C85DF8502AEC1C6E0064F68E /* Extensions */,
				C8520C2C2AE2C546006790C1 /* Onboarding */,
				C85966462AEC31AE006DF61D /* Utilities */,
				21FA1C4A2AE183830052136E /* Mocks */,
				C8520C232AE2BF8E006790C1 /* TestExtensions */,
			);
			path = UnitTests;
			sourceTree = "<group>";
		};
		C8E6C7662AF8223B008C19C9 /* TestPlans */ = {
			isa = PBXGroup;
			children = (
				C873B1D72AF82403002C39E8 /* OneLoginUnit.xctestplan */,
				C873B1D62AF82403002C39E8 /* OneLoginStaging.xctestplan */,
				C873B1D52AF82403002C39E8 /* OneLoginBuild.xctestplan */,
				C8C57CE32B0237620010D395 /* OneLoginUI.xctestplan */,
			);
			path = TestPlans;
			sourceTree = "<group>";
		};
/* End PBXGroup section */

/* Begin PBXNativeTarget section */
		219601E62A976302008F3427 /* OneLogin */ = {
			isa = PBXNativeTarget;
			buildConfigurationList = 219602112A976305008F3427 /* Build configuration list for PBXNativeTarget "OneLogin" */;
			buildPhases = (
				219B95A32AA0DB60006C3BBA /* Run Swiftlint */,
				219601E32A976302008F3427 /* Sources */,
				219601E42A976302008F3427 /* Frameworks */,
				219601E52A976302008F3427 /* Resources */,
			);
			buildRules = (
			);
			dependencies = (
			);
			name = OneLogin;
			packageProductDependencies = (
				C8A13C9E2AFBD05700FCBD36 /* GDSAnalytics */,
				C8A13CA02AFBD05700FCBD36 /* GDSCommon */,
				C8A13CA32AFBD07E00FCBD36 /* Authentication */,
				C8A13CA52AFBD07E00FCBD36 /* UserDetails */,
				C8A13CA82AFBD0CC00FCBD36 /* GAnalytics */,
				C8A13CAA2AFBD0CC00FCBD36 /* HTTPLogging */,
				C8A13CAC2AFBD0CC00FCBD36 /* Logging */,
				C8A13CAF2AFBD0F100FCBD36 /* Coordination */,
			);
			productName = "di-mobile-ios-onelogin-app";
			productReference = 219601E72A976302008F3427 /* OneLogin.app */;
			productType = "com.apple.product-type.application";
		};
		219601FC2A976305008F3427 /* OneLoginUnitTests */ = {
			isa = PBXNativeTarget;
			buildConfigurationList = 219602142A976305008F3427 /* Build configuration list for PBXNativeTarget "OneLoginUnitTests" */;
			buildPhases = (
				219601F92A976305008F3427 /* Sources */,
				219601FA2A976305008F3427 /* Frameworks */,
				219601FB2A976305008F3427 /* Resources */,
			);
			buildRules = (
			);
			dependencies = (
				219601FF2A976305008F3427 /* PBXTargetDependency */,
			);
			name = OneLoginUnitTests;
			productName = "di-mobile-ios-onelogin-appTests";
			productReference = 219601FD2A976305008F3427 /* OneLoginUnitTests.xctest */;
			productType = "com.apple.product-type.bundle.unit-test";
		};
		219602062A976305008F3427 /* OneLoginUITests */ = {
			isa = PBXNativeTarget;
			buildConfigurationList = 219602172A976305008F3427 /* Build configuration list for PBXNativeTarget "OneLoginUITests" */;
			buildPhases = (
				219602032A976305008F3427 /* Sources */,
				219602042A976305008F3427 /* Frameworks */,
				219602052A976305008F3427 /* Resources */,
			);
			buildRules = (
			);
			dependencies = (
				219602092A976305008F3427 /* PBXTargetDependency */,
			);
			name = OneLoginUITests;
			productName = "di-mobile-ios-onelogin-appUITests";
			productReference = 219602072A976305008F3427 /* OneLoginUITests.xctest */;
			productType = "com.apple.product-type.bundle.ui-testing";
		};
		25537C3C2AF2B2600059DCD2 /* OneLoginStagingConfigTests */ = {
			isa = PBXNativeTarget;
			buildConfigurationList = 25537C432AF2B2600059DCD2 /* Build configuration list for PBXNativeTarget "OneLoginStagingConfigTests" */;
			buildPhases = (
				25537C392AF2B2600059DCD2 /* Sources */,
				25537C3A2AF2B2600059DCD2 /* Frameworks */,
				25537C3B2AF2B2600059DCD2 /* Resources */,
			);
			buildRules = (
			);
			dependencies = (
				25537C422AF2B2600059DCD2 /* PBXTargetDependency */,
			);
			name = OneLoginStagingConfigTests;
			productName = OneLoginStagingTests;
			productReference = 25537C3D2AF2B2600059DCD2 /* OneLoginStagingConfigTests.xctest */;
			productType = "com.apple.product-type.bundle.unit-test";
		};
		25537C4D2AF2B38E0059DCD2 /* OneLoginBuildConfigTests */ = {
			isa = PBXNativeTarget;
			buildConfigurationList = 25537C542AF2B38E0059DCD2 /* Build configuration list for PBXNativeTarget "OneLoginBuildConfigTests" */;
			buildPhases = (
				25537C4A2AF2B38E0059DCD2 /* Sources */,
				25537C4B2AF2B38E0059DCD2 /* Frameworks */,
				25537C4C2AF2B38E0059DCD2 /* Resources */,
			);
			buildRules = (
			);
			dependencies = (
				25537C532AF2B38E0059DCD2 /* PBXTargetDependency */,
			);
			name = OneLoginBuildConfigTests;
			productName = OneLoginBuildTests;
			productReference = 25537C4E2AF2B38E0059DCD2 /* OneLoginBuildConfigTests.xctest */;
			productType = "com.apple.product-type.bundle.unit-test";
		};
/* End PBXNativeTarget section */

/* Begin PBXProject section */
		219601DF2A976302008F3427 /* Project object */ = {
			isa = PBXProject;
			attributes = {
				BuildIndependentTargetsInParallel = 1;
				LastSwiftUpdateCheck = 1500;
				LastUpgradeCheck = 1430;
				TargetAttributes = {
					219601E62A976302008F3427 = {
						CreatedOnToolsVersion = 14.3.1;
					};
					219601FC2A976305008F3427 = {
						CreatedOnToolsVersion = 14.3.1;
						TestTargetID = 219601E62A976302008F3427;
					};
					219602062A976305008F3427 = {
						CreatedOnToolsVersion = 14.3.1;
						TestTargetID = 219601E62A976302008F3427;
					};
					25537C3C2AF2B2600059DCD2 = {
						CreatedOnToolsVersion = 15.0;
						TestTargetID = 219601E62A976302008F3427;
					};
					25537C4D2AF2B38E0059DCD2 = {
						CreatedOnToolsVersion = 15.0;
						TestTargetID = 219601E62A976302008F3427;
					};
				};
			};
			buildConfigurationList = 219601E22A976302008F3427 /* Build configuration list for PBXProject "OneLogin" */;
			compatibilityVersion = "Xcode 14.0";
			developmentRegion = en;
			hasScannedForEncodings = 0;
			knownRegions = (
				en,
				Base,
			);
			mainGroup = 219601DE2A976302008F3427;
			packageReferences = (
				C8A13C9D2AFBD05700FCBD36 /* XCRemoteSwiftPackageReference "mobile-ios-common" */,
				C8A13CA22AFBD07E00FCBD36 /* XCRemoteSwiftPackageReference "mobile-ios-authentication" */,
				C8A13CA72AFBD0CC00FCBD36 /* XCRemoteSwiftPackageReference "mobile-ios-logging" */,
				C8A13CAE2AFBD0F100FCBD36 /* XCRemoteSwiftPackageReference "mobile-ios-coordination" */,
			);
			productRefGroup = 219601E82A976302008F3427 /* Products */;
			projectDirPath = "";
			projectRoot = "";
			targets = (
				219601E62A976302008F3427 /* OneLogin */,
				219601FC2A976305008F3427 /* OneLoginUnitTests */,
				25537C3C2AF2B2600059DCD2 /* OneLoginStagingConfigTests */,
				25537C4D2AF2B38E0059DCD2 /* OneLoginBuildConfigTests */,
				219602062A976305008F3427 /* OneLoginUITests */,
			);
		};
/* End PBXProject section */

/* Begin PBXResourcesBuildPhase section */
		219601E52A976302008F3427 /* Resources */ = {
			isa = PBXResourcesBuildPhase;
			buildActionMask = 2147483647;
			files = (
				3BBF28F02A9F7D3200491BB1 /* Assets.xcassets in Resources */,
				C873B1D82AF82403002C39E8 /* OneLoginBuild.xctestplan in Resources */,
				C873B1D92AF82403002C39E8 /* OneLoginStaging.xctestplan in Resources */,
				C873B1DA2AF82403002C39E8 /* OneLoginUnit.xctestplan in Resources */,
				3BBF28F12A9F7D3200491BB1 /* LaunchScreen.storyboard in Resources */,
				C89632ED2B0D0886002A1473 /* TokensView.xib in Resources */,
			);
			runOnlyForDeploymentPostprocessing = 0;
		};
		219601FB2A976305008F3427 /* Resources */ = {
			isa = PBXResourcesBuildPhase;
			buildActionMask = 2147483647;
			files = (
				C8520C222AE2B642006790C1 /* TokenResponse.json in Resources */,
			);
			runOnlyForDeploymentPostprocessing = 0;
		};
		219602052A976305008F3427 /* Resources */ = {
			isa = PBXResourcesBuildPhase;
			buildActionMask = 2147483647;
			files = (
			);
			runOnlyForDeploymentPostprocessing = 0;
		};
		25537C3B2AF2B2600059DCD2 /* Resources */ = {
			isa = PBXResourcesBuildPhase;
			buildActionMask = 2147483647;
			files = (
			);
			runOnlyForDeploymentPostprocessing = 0;
		};
		25537C4C2AF2B38E0059DCD2 /* Resources */ = {
			isa = PBXResourcesBuildPhase;
			buildActionMask = 2147483647;
			files = (
			);
			runOnlyForDeploymentPostprocessing = 0;
		};
/* End PBXResourcesBuildPhase section */

/* Begin PBXShellScriptBuildPhase section */
		219B95A32AA0DB60006C3BBA /* Run Swiftlint */ = {
			isa = PBXShellScriptBuildPhase;
			alwaysOutOfDate = 1;
			buildActionMask = 2147483647;
			files = (
			);
			inputFileListPaths = (
			);
			inputPaths = (
			);
			name = "Run Swiftlint";
			outputFileListPaths = (
			);
			outputPaths = (
			);
			runOnlyForDeploymentPostprocessing = 0;
			shellPath = /bin/sh;
			shellScript = "if test -d \"/opt/homebrew/bin/\"; then\n  PATH=\"/opt/homebrew/bin/:${PATH}\"\nfi\n\nif which swiftlint >/dev/null; then\n  swiftlint --fix\n  swiftlint\nelse\n  echo \"warning: SwiftLint not installed, please run brew install swiftlint\"\nfi\n\n";
		};
/* End PBXShellScriptBuildPhase section */

/* Begin PBXSourcesBuildPhase section */
		219601E32A976302008F3427 /* Sources */ = {
			isa = PBXSourcesBuildPhase;
			buildActionMask = 2147483647;
			files = (
				C8178E3E2AEB2CA300059875 /* IntroAnalytics.swift in Sources */,
				4195E6CB2B0CD32F0065E2BB /* TokenCoordinator.swift in Sources */,
				C85E210D2ACEE93C00AF8B4E /* OneLoginIntroViewModel.swift in Sources */,
				C8520C2B2AE2C223006790C1 /* OnboardingViewControllerFactory.swift in Sources */,
				3BBF28F32A9F7D3200491BB1 /* AppDelegate.swift in Sources */,
				C8098B972AEFF1AB001517A0 /* LoginSessionConfiguration+OneLogin.swift in Sources */,
				C8098B992AEFF287001517A0 /* AnalyticsService+GDS.swift in Sources */,
				C8B320792B062F9100FECDF0 /* AuthenticationCoordinator.swift in Sources */,
				C85E21042ACEE34900AF8B4E /* MainCoordinator.swift in Sources */,
				C880DDE22AEAB6C100020796 /* AppEnvironment.swift in Sources */,
				21E04DFA2AE6B52B004C6660 /* OneLoginAnalyticsService.swift in Sources */,
				3BBF28F42A9F7D3200491BB1 /* SceneDelegate.swift in Sources */,
				C85E21182ACEECD800AF8B4E /* AnalyticsButtonViewModel.swift in Sources */,
				C89632EF2B0D0895002A1473 /* TokensViewController.swift in Sources */,
			);
			runOnlyForDeploymentPostprocessing = 0;
		};
		219601F92A976305008F3427 /* Sources */ = {
			isa = PBXSourcesBuildPhase;
			buildActionMask = 2147483647;
			files = (
				C85DF84A2AEBFF180064F68E /* MockOneLoginIntroViewModel.swift in Sources */,
				C85966482AEC31AE006DF61D /* OnboardingViewControllerFactoryTests.swift in Sources */,
				C8EBE8042AEFB7FF009B8A06 /* LoginSessionConfigurationTests.swift in Sources */,
				21FA1C4D2AE183D20052136E /* MockLoginSession.swift in Sources */,
				C8520C272AE2C0D1006790C1 /* IntroViewControllerTests.swift in Sources */,
				21FA1C502AE18C8B0052136E /* OneLoginIntroViewModelTests.swift in Sources */,
				C8B3207B2B063CA100FECDF0 /* AuthenticationCoordinatorTests.swift in Sources */,
				21E04DFC2AE6BC5B004C6660 /* MockAnalyticsService.swift in Sources */,
				C8520C252AE2BFAD006790C1 /* UIView+TestExtensions.swift in Sources */,
				C8520C2E2AE2C822006790C1 /* MockTokenResponse.swift in Sources */,
				C8B5EFC52B0E53EE004EA4D4 /* XCTestCase+Extensions.swift in Sources */,
				219602022A976305008F3427 /* MainCoordinatorTests.swift in Sources */,
			);
			runOnlyForDeploymentPostprocessing = 0;
		};
		219602032A976305008F3427 /* Sources */ = {
			isa = PBXSourcesBuildPhase;
			buildActionMask = 2147483647;
			files = (
				C80B87212B029EBB0087C6D5 /* WelcomeScreen.swift in Sources */,
				C80B87232B029EE90087C6D5 /* TimeInterval.swift in Sources */,
				C80B87262B029F1A0087C6D5 /* XCUIElement.swift in Sources */,
				C80B871A2B029E230087C6D5 /* LoginUITests.swift in Sources */,
				C80B87282B029F440087C6D5 /* ScreenObject.swift in Sources */,
				C80B871F2B029EAB0087C6D5 /* LoginModal.swift in Sources */,
			);
			runOnlyForDeploymentPostprocessing = 0;
		};
		25537C392AF2B2600059DCD2 /* Sources */ = {
			isa = PBXSourcesBuildPhase;
			buildActionMask = 2147483647;
			files = (
				C873B1E42AF82700002C39E8 /* StagingAppEnvironmentTests.swift in Sources */,
			);
			runOnlyForDeploymentPostprocessing = 0;
		};
		25537C4A2AF2B38E0059DCD2 /* Sources */ = {
			isa = PBXSourcesBuildPhase;
			buildActionMask = 2147483647;
			files = (
				C873B1E52AF82706002C39E8 /* BuildAppEnvironmentTests.swift in Sources */,
			);
			runOnlyForDeploymentPostprocessing = 0;
		};
/* End PBXSourcesBuildPhase section */

/* Begin PBXTargetDependency section */
		219601FF2A976305008F3427 /* PBXTargetDependency */ = {
			isa = PBXTargetDependency;
			target = 219601E62A976302008F3427 /* OneLogin */;
			targetProxy = 219601FE2A976305008F3427 /* PBXContainerItemProxy */;
		};
		219602092A976305008F3427 /* PBXTargetDependency */ = {
			isa = PBXTargetDependency;
			target = 219601E62A976302008F3427 /* OneLogin */;
			targetProxy = 219602082A976305008F3427 /* PBXContainerItemProxy */;
		};
		25537C422AF2B2600059DCD2 /* PBXTargetDependency */ = {
			isa = PBXTargetDependency;
			target = 219601E62A976302008F3427 /* OneLogin */;
			targetProxy = 25537C412AF2B2600059DCD2 /* PBXContainerItemProxy */;
		};
		25537C532AF2B38E0059DCD2 /* PBXTargetDependency */ = {
			isa = PBXTargetDependency;
			target = 219601E62A976302008F3427 /* OneLogin */;
			targetProxy = 25537C522AF2B38E0059DCD2 /* PBXContainerItemProxy */;
		};
/* End PBXTargetDependency section */

/* Begin PBXVariantGroup section */
		3BBF28E82A9F7D3200491BB1 /* LaunchScreen.storyboard */ = {
			isa = PBXVariantGroup;
			children = (
				3BBF28E92A9F7D3200491BB1 /* Base */,
			);
			name = LaunchScreen.storyboard;
			sourceTree = "<group>";
		};
/* End PBXVariantGroup section */

/* Begin XCBuildConfiguration section */
		2196020F2A976305008F3427 /* Debug */ = {
			isa = XCBuildConfiguration;
			buildSettings = {
				ALWAYS_SEARCH_USER_PATHS = NO;
				CLANG_ANALYZER_NONNULL = YES;
				CLANG_ANALYZER_NUMBER_OBJECT_CONVERSION = YES_AGGRESSIVE;
				CLANG_CXX_LANGUAGE_STANDARD = "gnu++20";
				CLANG_ENABLE_MODULES = YES;
				CLANG_ENABLE_OBJC_ARC = YES;
				CLANG_ENABLE_OBJC_WEAK = YES;
				CLANG_WARN_BLOCK_CAPTURE_AUTORELEASING = YES;
				CLANG_WARN_BOOL_CONVERSION = YES;
				CLANG_WARN_COMMA = YES;
				CLANG_WARN_CONSTANT_CONVERSION = YES;
				CLANG_WARN_DEPRECATED_OBJC_IMPLEMENTATIONS = YES;
				CLANG_WARN_DIRECT_OBJC_ISA_USAGE = YES_ERROR;
				CLANG_WARN_DOCUMENTATION_COMMENTS = YES;
				CLANG_WARN_EMPTY_BODY = YES;
				CLANG_WARN_ENUM_CONVERSION = YES;
				CLANG_WARN_INFINITE_RECURSION = YES;
				CLANG_WARN_INT_CONVERSION = YES;
				CLANG_WARN_NON_LITERAL_NULL_CONVERSION = YES;
				CLANG_WARN_OBJC_IMPLICIT_RETAIN_SELF = YES;
				CLANG_WARN_OBJC_LITERAL_CONVERSION = YES;
				CLANG_WARN_OBJC_ROOT_CLASS = YES_ERROR;
				CLANG_WARN_QUOTED_INCLUDE_IN_FRAMEWORK_HEADER = YES;
				CLANG_WARN_RANGE_LOOP_ANALYSIS = YES;
				CLANG_WARN_STRICT_PROTOTYPES = YES;
				CLANG_WARN_SUSPICIOUS_MOVE = YES;
				CLANG_WARN_UNGUARDED_AVAILABILITY = YES_AGGRESSIVE;
				CLANG_WARN_UNREACHABLE_CODE = YES;
				CLANG_WARN__DUPLICATE_METHOD_MATCH = YES;
				COPY_PHASE_STRIP = NO;
				DEBUG_INFORMATION_FORMAT = dwarf;
				ENABLE_STRICT_OBJC_MSGSEND = YES;
				ENABLE_TESTABILITY = YES;
				GCC_C_LANGUAGE_STANDARD = gnu11;
				GCC_DYNAMIC_NO_PIC = NO;
				GCC_NO_COMMON_BLOCKS = YES;
				GCC_OPTIMIZATION_LEVEL = 0;
				GCC_PREPROCESSOR_DEFINITIONS = (
					"DEBUG=1",
					"$(inherited)",
				);
				GCC_WARN_64_TO_32_BIT_CONVERSION = YES;
				GCC_WARN_ABOUT_RETURN_TYPE = YES_ERROR;
				GCC_WARN_UNDECLARED_SELECTOR = YES;
				GCC_WARN_UNINITIALIZED_AUTOS = YES_AGGRESSIVE;
				GCC_WARN_UNUSED_FUNCTION = YES;
				GCC_WARN_UNUSED_VARIABLE = YES;
				IPHONEOS_DEPLOYMENT_TARGET = 16.4;
				MTL_ENABLE_DEBUG_INFO = INCLUDE_SOURCE;
				MTL_FAST_MATH = YES;
				ONLY_ACTIVE_ARCH = YES;
				SDKROOT = iphoneos;
				SWIFT_ACTIVE_COMPILATION_CONDITIONS = DEBUG;
				SWIFT_OPTIMIZATION_LEVEL = "-Onone";
			};
			name = Debug;
		};
		219602102A976305008F3427 /* Release */ = {
			isa = XCBuildConfiguration;
			buildSettings = {
				ALWAYS_SEARCH_USER_PATHS = NO;
				CLANG_ANALYZER_NONNULL = YES;
				CLANG_ANALYZER_NUMBER_OBJECT_CONVERSION = YES_AGGRESSIVE;
				CLANG_CXX_LANGUAGE_STANDARD = "gnu++20";
				CLANG_ENABLE_MODULES = YES;
				CLANG_ENABLE_OBJC_ARC = YES;
				CLANG_ENABLE_OBJC_WEAK = YES;
				CLANG_WARN_BLOCK_CAPTURE_AUTORELEASING = YES;
				CLANG_WARN_BOOL_CONVERSION = YES;
				CLANG_WARN_COMMA = YES;
				CLANG_WARN_CONSTANT_CONVERSION = YES;
				CLANG_WARN_DEPRECATED_OBJC_IMPLEMENTATIONS = YES;
				CLANG_WARN_DIRECT_OBJC_ISA_USAGE = YES_ERROR;
				CLANG_WARN_DOCUMENTATION_COMMENTS = YES;
				CLANG_WARN_EMPTY_BODY = YES;
				CLANG_WARN_ENUM_CONVERSION = YES;
				CLANG_WARN_INFINITE_RECURSION = YES;
				CLANG_WARN_INT_CONVERSION = YES;
				CLANG_WARN_NON_LITERAL_NULL_CONVERSION = YES;
				CLANG_WARN_OBJC_IMPLICIT_RETAIN_SELF = YES;
				CLANG_WARN_OBJC_LITERAL_CONVERSION = YES;
				CLANG_WARN_OBJC_ROOT_CLASS = YES_ERROR;
				CLANG_WARN_QUOTED_INCLUDE_IN_FRAMEWORK_HEADER = YES;
				CLANG_WARN_RANGE_LOOP_ANALYSIS = YES;
				CLANG_WARN_STRICT_PROTOTYPES = YES;
				CLANG_WARN_SUSPICIOUS_MOVE = YES;
				CLANG_WARN_UNGUARDED_AVAILABILITY = YES_AGGRESSIVE;
				CLANG_WARN_UNREACHABLE_CODE = YES;
				CLANG_WARN__DUPLICATE_METHOD_MATCH = YES;
				COPY_PHASE_STRIP = NO;
				DEBUG_INFORMATION_FORMAT = "dwarf-with-dsym";
				ENABLE_NS_ASSERTIONS = NO;
				ENABLE_STRICT_OBJC_MSGSEND = YES;
				ENABLE_TESTABILITY = NO;
				GCC_C_LANGUAGE_STANDARD = gnu11;
				GCC_NO_COMMON_BLOCKS = YES;
				GCC_WARN_64_TO_32_BIT_CONVERSION = YES;
				GCC_WARN_ABOUT_RETURN_TYPE = YES_ERROR;
				GCC_WARN_UNDECLARED_SELECTOR = YES;
				GCC_WARN_UNINITIALIZED_AUTOS = YES_AGGRESSIVE;
				GCC_WARN_UNUSED_FUNCTION = YES;
				GCC_WARN_UNUSED_VARIABLE = YES;
				IPHONEOS_DEPLOYMENT_TARGET = 16.4;
				MTL_ENABLE_DEBUG_INFO = NO;
				MTL_FAST_MATH = YES;
				SDKROOT = iphoneos;
				SWIFT_COMPILATION_MODE = wholemodule;
				SWIFT_OPTIMIZATION_LEVEL = "-O";
				VALIDATE_PRODUCT = YES;
			};
			name = Release;
		};
		219602122A976305008F3427 /* Debug */ = {
			isa = XCBuildConfiguration;
			buildSettings = {
				ASSETCATALOG_COMPILER_APPICON_NAME = AppIcon;
				ASSETCATALOG_COMPILER_GLOBAL_ACCENT_COLOR_NAME = AccentColor;
				AUTHORIZE_URL = oidc.integration.account.gov.uk;
				BASE_URL = mobile.staging.account.gov.uk;
				CLIENT_ID = sdJChz1oGajIz0O0tdPdh0CA2zW;
				CODE_SIGN_STYLE = Automatic;
				CURRENT_PROJECT_VERSION = 1;
				DEVELOPMENT_TEAM = N8W395F695;
				GENERATE_INFOPLIST_FILE = YES;
				INFOPLIST_FILE = "OneLogin-Info.plist";
				INFOPLIST_KEY_CFBundleDisplayName = "One Login - Debug";
				INFOPLIST_KEY_UIApplicationSupportsIndirectInputEvents = YES;
				INFOPLIST_KEY_UILaunchStoryboardName = LaunchScreen;
				INFOPLIST_KEY_UISupportedInterfaceOrientations_iPad = "UIInterfaceOrientationPortrait UIInterfaceOrientationPortraitUpsideDown UIInterfaceOrientationLandscapeLeft UIInterfaceOrientationLandscapeRight";
				INFOPLIST_KEY_UISupportedInterfaceOrientations_iPhone = "UIInterfaceOrientationPortrait UIInterfaceOrientationLandscapeLeft UIInterfaceOrientationLandscapeRight";
				IPHONEOS_DEPLOYMENT_TARGET = 13.0;
				LD_RUNPATH_SEARCH_PATHS = (
					"$(inherited)",
					"@executable_path/Frameworks",
				);
				MARKETING_VERSION = 1.0;
				PRODUCT_BUNDLE_IDENTIFIER = "uk.gov.one-login.staging";
				PRODUCT_NAME = "$(TARGET_NAME)";
				REDIRECT_URL = "https://mobile.staging.account.gov.uk/redirect";
				SWIFT_EMIT_LOC_STRINGS = YES;
				SWIFT_VERSION = 5.0;
				TARGETED_DEVICE_FAMILY = "1,2";
			};
			name = Debug;
		};
		219602132A976305008F3427 /* Release */ = {
			isa = XCBuildConfiguration;
			buildSettings = {
				ASSETCATALOG_COMPILER_APPICON_NAME = AppIcon;
				ASSETCATALOG_COMPILER_GLOBAL_ACCENT_COLOR_NAME = AccentColor;
				AUTHORIZE_URL = "";
				BASE_URL = "";
				CLIENT_ID = "";
				CODE_SIGN_STYLE = Automatic;
				CURRENT_PROJECT_VERSION = 1;
				DEVELOPMENT_TEAM = N8W395F695;
				GENERATE_INFOPLIST_FILE = YES;
				INFOPLIST_FILE = "OneLogin-Info.plist";
				INFOPLIST_KEY_CFBundleDisplayName = "One Login";
				INFOPLIST_KEY_NSCameraUsageDescription = "";
				INFOPLIST_KEY_UIApplicationSupportsIndirectInputEvents = YES;
				INFOPLIST_KEY_UILaunchStoryboardName = LaunchScreen;
				INFOPLIST_KEY_UISupportedInterfaceOrientations_iPad = "UIInterfaceOrientationPortrait UIInterfaceOrientationPortraitUpsideDown UIInterfaceOrientationLandscapeLeft UIInterfaceOrientationLandscapeRight";
				INFOPLIST_KEY_UISupportedInterfaceOrientations_iPhone = "UIInterfaceOrientationPortrait UIInterfaceOrientationLandscapeLeft UIInterfaceOrientationLandscapeRight";
				IPHONEOS_DEPLOYMENT_TARGET = 13.0;
				LD_RUNPATH_SEARCH_PATHS = (
					"$(inherited)",
					"@executable_path/Frameworks",
				);
				MARKETING_VERSION = 1.0;
				PRODUCT_BUNDLE_IDENTIFIER = "uk.gov.one-login";
				PRODUCT_NAME = "$(TARGET_NAME)";
				REDIRECT_URL = "";
				SWIFT_EMIT_LOC_STRINGS = YES;
				SWIFT_VERSION = 5.0;
				TARGETED_DEVICE_FAMILY = "1,2";
			};
			name = Release;
		};
		219602152A976305008F3427 /* Debug */ = {
			isa = XCBuildConfiguration;
			buildSettings = {
				ALWAYS_EMBED_SWIFT_STANDARD_LIBRARIES = YES;
				BUNDLE_LOADER = "$(TEST_HOST)";
				CODE_SIGN_STYLE = Automatic;
				CURRENT_PROJECT_VERSION = 1;
				DEVELOPMENT_TEAM = N8W395F695;
				GENERATE_INFOPLIST_FILE = YES;
				IPHONEOS_DEPLOYMENT_TARGET = 16.4;
				MARKETING_VERSION = 1.0;
				PRODUCT_BUNDLE_IDENTIFIER = "com.example.di-mobile-ios-onelogin-appTests";
				PRODUCT_NAME = "$(TARGET_NAME)";
				SWIFT_EMIT_LOC_STRINGS = NO;
				SWIFT_VERSION = 5.0;
				TARGETED_DEVICE_FAMILY = "1,2";
				TEST_HOST = "$(BUILT_PRODUCTS_DIR)/OneLogin.app/$(BUNDLE_EXECUTABLE_FOLDER_PATH)/OneLogin";
			};
			name = Debug;
		};
		219602162A976305008F3427 /* Release */ = {
			isa = XCBuildConfiguration;
			buildSettings = {
				ALWAYS_EMBED_SWIFT_STANDARD_LIBRARIES = YES;
				BUNDLE_LOADER = "$(TEST_HOST)";
				CODE_SIGN_STYLE = Automatic;
				CURRENT_PROJECT_VERSION = 1;
				DEVELOPMENT_TEAM = N8W395F695;
				GENERATE_INFOPLIST_FILE = YES;
				IPHONEOS_DEPLOYMENT_TARGET = 16.4;
				MARKETING_VERSION = 1.0;
				PRODUCT_BUNDLE_IDENTIFIER = "com.example.di-mobile-ios-onelogin-appTests";
				PRODUCT_NAME = "$(TARGET_NAME)";
				SWIFT_EMIT_LOC_STRINGS = NO;
				SWIFT_VERSION = 5.0;
				TARGETED_DEVICE_FAMILY = "1,2";
				TEST_HOST = "$(BUILT_PRODUCTS_DIR)/OneLogin.app/$(BUNDLE_EXECUTABLE_FOLDER_PATH)/OneLogin";
			};
			name = Release;
		};
		219602182A976305008F3427 /* Debug */ = {
			isa = XCBuildConfiguration;
			buildSettings = {
				ALWAYS_EMBED_SWIFT_STANDARD_LIBRARIES = YES;
				CODE_SIGN_STYLE = Automatic;
				CURRENT_PROJECT_VERSION = 1;
				DEVELOPMENT_TEAM = N8W395F695;
				GENERATE_INFOPLIST_FILE = YES;
				MARKETING_VERSION = 1.0;
				PRODUCT_BUNDLE_IDENTIFIER = "com.example.di-mobile-ios-onelogin-appUITests";
				PRODUCT_NAME = "$(TARGET_NAME)";
				PROVISIONING_PROFILE = "";
				SWIFT_EMIT_LOC_STRINGS = NO;
				SWIFT_VERSION = 5.0;
				TARGETED_DEVICE_FAMILY = "1,2";
				TEST_TARGET_NAME = OneLogin;
			};
			name = Debug;
		};
		219602192A976305008F3427 /* Release */ = {
			isa = XCBuildConfiguration;
			buildSettings = {
				ALWAYS_EMBED_SWIFT_STANDARD_LIBRARIES = YES;
				CODE_SIGN_STYLE = Automatic;
				CURRENT_PROJECT_VERSION = 1;
				DEVELOPMENT_TEAM = N8W395F695;
				GENERATE_INFOPLIST_FILE = YES;
				MARKETING_VERSION = 1.0;
				PRODUCT_BUNDLE_IDENTIFIER = "com.example.di-mobile-ios-onelogin-appUITests";
				PRODUCT_NAME = "$(TARGET_NAME)";
				PROVISIONING_PROFILE = "";
				SWIFT_EMIT_LOC_STRINGS = NO;
				SWIFT_VERSION = 5.0;
				TARGETED_DEVICE_FAMILY = "1,2";
				TEST_TARGET_NAME = OneLogin;
			};
			name = Release;
		};
		25537C442AF2B2600059DCD2 /* Debug */ = {
			isa = XCBuildConfiguration;
			buildSettings = {
				ASSETCATALOG_COMPILER_GENERATE_SWIFT_ASSET_SYMBOL_EXTENSIONS = YES;
				BUNDLE_LOADER = "$(TEST_HOST)";
				CODE_SIGN_STYLE = Automatic;
				CURRENT_PROJECT_VERSION = 1;
				DEVELOPMENT_TEAM = N8W395F695;
				ENABLE_USER_SCRIPT_SANDBOXING = YES;
				GCC_C_LANGUAGE_STANDARD = gnu17;
				GENERATE_INFOPLIST_FILE = YES;
				IPHONEOS_DEPLOYMENT_TARGET = 16.4;
				LOCALIZATION_PREFERS_STRING_CATALOGS = YES;
				MARKETING_VERSION = 1.0;
				PRODUCT_BUNDLE_IDENTIFIER = "com.example.di-mobile-ios-onelogin-stagingAppTests.OneLoginStagingTests";
				PRODUCT_NAME = "$(TARGET_NAME)";
				SWIFT_ACTIVE_COMPILATION_CONDITIONS = "DEBUG $(inherited)";
				SWIFT_EMIT_LOC_STRINGS = NO;
				SWIFT_VERSION = 5.0;
				TARGETED_DEVICE_FAMILY = "1,2";
				TEST_HOST = "$(BUILT_PRODUCTS_DIR)/OneLogin.app/$(BUNDLE_EXECUTABLE_FOLDER_PATH)/OneLogin";
			};
			name = Debug;
		};
		25537C462AF2B2600059DCD2 /* Release */ = {
			isa = XCBuildConfiguration;
			buildSettings = {
				ASSETCATALOG_COMPILER_GENERATE_SWIFT_ASSET_SYMBOL_EXTENSIONS = YES;
				BUNDLE_LOADER = "$(TEST_HOST)";
				CODE_SIGN_STYLE = Automatic;
				CURRENT_PROJECT_VERSION = 1;
				DEVELOPMENT_TEAM = N8W395F695;
				ENABLE_USER_SCRIPT_SANDBOXING = YES;
				GCC_C_LANGUAGE_STANDARD = gnu17;
				GENERATE_INFOPLIST_FILE = YES;
				IPHONEOS_DEPLOYMENT_TARGET = 16.4;
				LOCALIZATION_PREFERS_STRING_CATALOGS = YES;
				MARKETING_VERSION = 1.0;
				PRODUCT_BUNDLE_IDENTIFIER = "com.example.di-mobile-ios-onelogin-stagingAppTests.OneLoginStagingTests";
				PRODUCT_NAME = "$(TARGET_NAME)";
				SWIFT_EMIT_LOC_STRINGS = NO;
				SWIFT_VERSION = 5.0;
				TARGETED_DEVICE_FAMILY = "1,2";
				TEST_HOST = "$(BUILT_PRODUCTS_DIR)/OneLogin.app/$(BUNDLE_EXECUTABLE_FOLDER_PATH)/OneLogin";
			};
			name = Release;
		};
		25537C552AF2B38E0059DCD2 /* Debug */ = {
			isa = XCBuildConfiguration;
			buildSettings = {
				ASSETCATALOG_COMPILER_GENERATE_SWIFT_ASSET_SYMBOL_EXTENSIONS = YES;
				BUNDLE_LOADER = "$(TEST_HOST)";
				CODE_SIGN_STYLE = Automatic;
				CURRENT_PROJECT_VERSION = 1;
				DEVELOPMENT_TEAM = N8W395F695;
				ENABLE_USER_SCRIPT_SANDBOXING = YES;
				GCC_C_LANGUAGE_STANDARD = gnu17;
				GENERATE_INFOPLIST_FILE = YES;
				IPHONEOS_DEPLOYMENT_TARGET = 16.4;
				LOCALIZATION_PREFERS_STRING_CATALOGS = YES;
				MARKETING_VERSION = 1.0;
				PRODUCT_BUNDLE_IDENTIFIER = "com.example.di-mobile-ios-onelogin-buildAppTests.OneLoginBuildTests";
				PRODUCT_NAME = "$(TARGET_NAME)";
				SWIFT_ACTIVE_COMPILATION_CONDITIONS = "DEBUG $(inherited)";
				SWIFT_EMIT_LOC_STRINGS = NO;
				SWIFT_VERSION = 5.0;
				TARGETED_DEVICE_FAMILY = "1,2";
				TEST_HOST = "$(BUILT_PRODUCTS_DIR)/OneLogin.app/$(BUNDLE_EXECUTABLE_FOLDER_PATH)/OneLogin";
			};
			name = Debug;
		};
		25537C572AF2B38E0059DCD2 /* Release */ = {
			isa = XCBuildConfiguration;
			buildSettings = {
				ASSETCATALOG_COMPILER_GENERATE_SWIFT_ASSET_SYMBOL_EXTENSIONS = YES;
				BUNDLE_LOADER = "$(TEST_HOST)";
				CODE_SIGN_STYLE = Automatic;
				CURRENT_PROJECT_VERSION = 1;
				DEVELOPMENT_TEAM = N8W395F695;
				ENABLE_USER_SCRIPT_SANDBOXING = YES;
				GCC_C_LANGUAGE_STANDARD = gnu17;
				GENERATE_INFOPLIST_FILE = YES;
				IPHONEOS_DEPLOYMENT_TARGET = 16.4;
				LOCALIZATION_PREFERS_STRING_CATALOGS = YES;
				MARKETING_VERSION = 1.0;
				PRODUCT_BUNDLE_IDENTIFIER = "com.example.di-mobile-ios-onelogin-buildAppTests.OneLoginBuildTests";
				PRODUCT_NAME = "$(TARGET_NAME)";
				SWIFT_EMIT_LOC_STRINGS = NO;
				SWIFT_VERSION = 5.0;
				TARGETED_DEVICE_FAMILY = "1,2";
				TEST_HOST = "$(BUILT_PRODUCTS_DIR)/OneLogin.app/$(BUNDLE_EXECUTABLE_FOLDER_PATH)/OneLogin";
			};
			name = Release;
		};
		C8176E7B2AF40D0D00C64A0D /* Staging */ = {
			isa = XCBuildConfiguration;
			buildSettings = {
				ALWAYS_SEARCH_USER_PATHS = NO;
				CLANG_ANALYZER_NONNULL = YES;
				CLANG_ANALYZER_NUMBER_OBJECT_CONVERSION = YES_AGGRESSIVE;
				CLANG_CXX_LANGUAGE_STANDARD = "gnu++20";
				CLANG_ENABLE_MODULES = YES;
				CLANG_ENABLE_OBJC_ARC = YES;
				CLANG_ENABLE_OBJC_WEAK = YES;
				CLANG_WARN_BLOCK_CAPTURE_AUTORELEASING = YES;
				CLANG_WARN_BOOL_CONVERSION = YES;
				CLANG_WARN_COMMA = YES;
				CLANG_WARN_CONSTANT_CONVERSION = YES;
				CLANG_WARN_DEPRECATED_OBJC_IMPLEMENTATIONS = YES;
				CLANG_WARN_DIRECT_OBJC_ISA_USAGE = YES_ERROR;
				CLANG_WARN_DOCUMENTATION_COMMENTS = YES;
				CLANG_WARN_EMPTY_BODY = YES;
				CLANG_WARN_ENUM_CONVERSION = YES;
				CLANG_WARN_INFINITE_RECURSION = YES;
				CLANG_WARN_INT_CONVERSION = YES;
				CLANG_WARN_NON_LITERAL_NULL_CONVERSION = YES;
				CLANG_WARN_OBJC_IMPLICIT_RETAIN_SELF = YES;
				CLANG_WARN_OBJC_LITERAL_CONVERSION = YES;
				CLANG_WARN_OBJC_ROOT_CLASS = YES_ERROR;
				CLANG_WARN_QUOTED_INCLUDE_IN_FRAMEWORK_HEADER = YES;
				CLANG_WARN_RANGE_LOOP_ANALYSIS = YES;
				CLANG_WARN_STRICT_PROTOTYPES = YES;
				CLANG_WARN_SUSPICIOUS_MOVE = YES;
				CLANG_WARN_UNGUARDED_AVAILABILITY = YES_AGGRESSIVE;
				CLANG_WARN_UNREACHABLE_CODE = YES;
				CLANG_WARN__DUPLICATE_METHOD_MATCH = YES;
				COPY_PHASE_STRIP = NO;
				DEBUG_INFORMATION_FORMAT = dwarf;
				ENABLE_STRICT_OBJC_MSGSEND = YES;
				ENABLE_TESTABILITY = YES;
				GCC_C_LANGUAGE_STANDARD = gnu11;
				GCC_DYNAMIC_NO_PIC = NO;
				GCC_NO_COMMON_BLOCKS = YES;
				GCC_OPTIMIZATION_LEVEL = 0;
				GCC_PREPROCESSOR_DEFINITIONS = (
					"DEBUG=1",
					"$(inherited)",
				);
				GCC_WARN_64_TO_32_BIT_CONVERSION = YES;
				GCC_WARN_ABOUT_RETURN_TYPE = YES_ERROR;
				GCC_WARN_UNDECLARED_SELECTOR = YES;
				GCC_WARN_UNINITIALIZED_AUTOS = YES_AGGRESSIVE;
				GCC_WARN_UNUSED_FUNCTION = YES;
				GCC_WARN_UNUSED_VARIABLE = YES;
				IPHONEOS_DEPLOYMENT_TARGET = 16.4;
				MTL_ENABLE_DEBUG_INFO = INCLUDE_SOURCE;
				MTL_FAST_MATH = YES;
				ONLY_ACTIVE_ARCH = YES;
				SDKROOT = iphoneos;
				SWIFT_ACTIVE_COMPILATION_CONDITIONS = DEBUG;
				SWIFT_OPTIMIZATION_LEVEL = "-Onone";
			};
			name = Staging;
		};
		C8176E7C2AF40D0D00C64A0D /* Staging */ = {
			isa = XCBuildConfiguration;
			buildSettings = {
				ASSETCATALOG_COMPILER_APPICON_NAME = AppIcon;
				ASSETCATALOG_COMPILER_GLOBAL_ACCENT_COLOR_NAME = AccentColor;
				AUTHORIZE_URL = oidc.integration.account.gov.uk;
				BASE_URL = mobile.staging.account.gov.uk;
				CLIENT_ID = sdJChz1oGajIz0O0tdPdh0CA2zW;
				CODE_SIGN_ENTITLEMENTS = OneLoginStaging.entitlements;
				CODE_SIGN_STYLE = Automatic;
				CURRENT_PROJECT_VERSION = 1;
				DEVELOPMENT_TEAM = N8W395F695;
				GENERATE_INFOPLIST_FILE = YES;
				INFOPLIST_FILE = "OneLogin-Info.plist";
				INFOPLIST_KEY_CFBundleDisplayName = "One Login - Staging";
				INFOPLIST_KEY_NSCameraUsageDescription = "This app does not use the camera";
				INFOPLIST_KEY_UIApplicationSupportsIndirectInputEvents = YES;
				INFOPLIST_KEY_UILaunchStoryboardName = LaunchScreen;
				INFOPLIST_KEY_UISupportedInterfaceOrientations_iPad = "UIInterfaceOrientationPortrait UIInterfaceOrientationPortraitUpsideDown UIInterfaceOrientationLandscapeLeft UIInterfaceOrientationLandscapeRight";
				INFOPLIST_KEY_UISupportedInterfaceOrientations_iPhone = "UIInterfaceOrientationPortrait UIInterfaceOrientationLandscapeLeft UIInterfaceOrientationLandscapeRight";
				IPHONEOS_DEPLOYMENT_TARGET = 13.0;
				LD_RUNPATH_SEARCH_PATHS = (
					"$(inherited)",
					"@executable_path/Frameworks",
				);
				MARKETING_VERSION = 1.0;
				PRODUCT_BUNDLE_IDENTIFIER = "uk.gov.one-login.staging";
				PRODUCT_NAME = "$(TARGET_NAME)";
				REDIRECT_URL = "https://mobile.staging.account.gov.uk/redirect";
				SWIFT_EMIT_LOC_STRINGS = YES;
				SWIFT_VERSION = 5.0;
				TARGETED_DEVICE_FAMILY = "1,2";
			};
			name = Staging;
		};
		C8176E7D2AF40D0D00C64A0D /* Staging */ = {
			isa = XCBuildConfiguration;
			buildSettings = {
				ALWAYS_EMBED_SWIFT_STANDARD_LIBRARIES = YES;
				BUNDLE_LOADER = "$(TEST_HOST)";
				CODE_SIGN_STYLE = Automatic;
				CURRENT_PROJECT_VERSION = 1;
				DEVELOPMENT_TEAM = N8W395F695;
				GENERATE_INFOPLIST_FILE = YES;
				IPHONEOS_DEPLOYMENT_TARGET = 16.4;
				MARKETING_VERSION = 1.0;
				PRODUCT_BUNDLE_IDENTIFIER = "com.example.di-mobile-ios-onelogin-appTests";
				PRODUCT_NAME = "$(TARGET_NAME)";
				SWIFT_EMIT_LOC_STRINGS = NO;
				SWIFT_VERSION = 5.0;
				TARGETED_DEVICE_FAMILY = "1,2";
				TEST_HOST = "$(BUILT_PRODUCTS_DIR)/OneLogin.app/$(BUNDLE_EXECUTABLE_FOLDER_PATH)/OneLogin";
			};
			name = Staging;
		};
		C8176E7E2AF40D0D00C64A0D /* Staging */ = {
			isa = XCBuildConfiguration;
			buildSettings = {
				ASSETCATALOG_COMPILER_GENERATE_SWIFT_ASSET_SYMBOL_EXTENSIONS = YES;
				BUNDLE_LOADER = "$(TEST_HOST)";
				CODE_SIGN_STYLE = Automatic;
				CURRENT_PROJECT_VERSION = 1;
				DEVELOPMENT_TEAM = N8W395F695;
				ENABLE_USER_SCRIPT_SANDBOXING = YES;
				GCC_C_LANGUAGE_STANDARD = gnu17;
				GENERATE_INFOPLIST_FILE = YES;
				IPHONEOS_DEPLOYMENT_TARGET = 16.4;
				LOCALIZATION_PREFERS_STRING_CATALOGS = YES;
				MARKETING_VERSION = 1.0;
				PRODUCT_BUNDLE_IDENTIFIER = "com.example.di-mobile-ios-onelogin-stagingAppTests.OneLoginStagingTests";
				PRODUCT_NAME = "$(TARGET_NAME)";
				SWIFT_ACTIVE_COMPILATION_CONDITIONS = "DEBUG $(inherited)";
				SWIFT_EMIT_LOC_STRINGS = NO;
				SWIFT_VERSION = 5.0;
				TARGETED_DEVICE_FAMILY = "1,2";
				TEST_HOST = "$(BUILT_PRODUCTS_DIR)/OneLogin.app/$(BUNDLE_EXECUTABLE_FOLDER_PATH)/OneLogin";
			};
			name = Staging;
		};
		C8176E7F2AF40D0D00C64A0D /* Staging */ = {
			isa = XCBuildConfiguration;
			buildSettings = {
				ASSETCATALOG_COMPILER_GENERATE_SWIFT_ASSET_SYMBOL_EXTENSIONS = YES;
				BUNDLE_LOADER = "$(TEST_HOST)";
				CODE_SIGN_STYLE = Automatic;
				CURRENT_PROJECT_VERSION = 1;
				DEVELOPMENT_TEAM = N8W395F695;
				ENABLE_USER_SCRIPT_SANDBOXING = YES;
				GCC_C_LANGUAGE_STANDARD = gnu17;
				GENERATE_INFOPLIST_FILE = YES;
				IPHONEOS_DEPLOYMENT_TARGET = 16.4;
				LOCALIZATION_PREFERS_STRING_CATALOGS = YES;
				MARKETING_VERSION = 1.0;
				PRODUCT_BUNDLE_IDENTIFIER = "com.example.di-mobile-ios-onelogin-buildAppTests.OneLoginBuildTests";
				PRODUCT_NAME = "$(TARGET_NAME)";
				SWIFT_ACTIVE_COMPILATION_CONDITIONS = "DEBUG $(inherited)";
				SWIFT_EMIT_LOC_STRINGS = NO;
				SWIFT_VERSION = 5.0;
				TARGETED_DEVICE_FAMILY = "1,2";
				TEST_HOST = "$(BUILT_PRODUCTS_DIR)/OneLogin.app/$(BUNDLE_EXECUTABLE_FOLDER_PATH)/OneLogin";
			};
			name = Staging;
		};
		C8176E802AF40D0D00C64A0D /* Staging */ = {
			isa = XCBuildConfiguration;
			buildSettings = {
				ALWAYS_EMBED_SWIFT_STANDARD_LIBRARIES = YES;
				CODE_SIGN_STYLE = Automatic;
				CURRENT_PROJECT_VERSION = 1;
				DEVELOPMENT_TEAM = N8W395F695;
				GENERATE_INFOPLIST_FILE = YES;
				MARKETING_VERSION = 1.0;
				PRODUCT_BUNDLE_IDENTIFIER = "com.example.di-mobile-ios-onelogin-appUITests";
				PRODUCT_NAME = "$(TARGET_NAME)";
				PROVISIONING_PROFILE = "";
				SWIFT_EMIT_LOC_STRINGS = NO;
				SWIFT_VERSION = 5.0;
				TARGETED_DEVICE_FAMILY = "1,2";
				TEST_TARGET_NAME = OneLogin;
			};
			name = Staging;
		};
		C8FBC2C22AF3B3A400C8B6E0 /* Build */ = {
			isa = XCBuildConfiguration;
			buildSettings = {
				ALWAYS_SEARCH_USER_PATHS = NO;
				CLANG_ANALYZER_NONNULL = YES;
				CLANG_ANALYZER_NUMBER_OBJECT_CONVERSION = YES_AGGRESSIVE;
				CLANG_CXX_LANGUAGE_STANDARD = "gnu++20";
				CLANG_ENABLE_MODULES = YES;
				CLANG_ENABLE_OBJC_ARC = YES;
				CLANG_ENABLE_OBJC_WEAK = YES;
				CLANG_WARN_BLOCK_CAPTURE_AUTORELEASING = YES;
				CLANG_WARN_BOOL_CONVERSION = YES;
				CLANG_WARN_COMMA = YES;
				CLANG_WARN_CONSTANT_CONVERSION = YES;
				CLANG_WARN_DEPRECATED_OBJC_IMPLEMENTATIONS = YES;
				CLANG_WARN_DIRECT_OBJC_ISA_USAGE = YES_ERROR;
				CLANG_WARN_DOCUMENTATION_COMMENTS = YES;
				CLANG_WARN_EMPTY_BODY = YES;
				CLANG_WARN_ENUM_CONVERSION = YES;
				CLANG_WARN_INFINITE_RECURSION = YES;
				CLANG_WARN_INT_CONVERSION = YES;
				CLANG_WARN_NON_LITERAL_NULL_CONVERSION = YES;
				CLANG_WARN_OBJC_IMPLICIT_RETAIN_SELF = YES;
				CLANG_WARN_OBJC_LITERAL_CONVERSION = YES;
				CLANG_WARN_OBJC_ROOT_CLASS = YES_ERROR;
				CLANG_WARN_QUOTED_INCLUDE_IN_FRAMEWORK_HEADER = YES;
				CLANG_WARN_RANGE_LOOP_ANALYSIS = YES;
				CLANG_WARN_STRICT_PROTOTYPES = YES;
				CLANG_WARN_SUSPICIOUS_MOVE = YES;
				CLANG_WARN_UNGUARDED_AVAILABILITY = YES_AGGRESSIVE;
				CLANG_WARN_UNREACHABLE_CODE = YES;
				CLANG_WARN__DUPLICATE_METHOD_MATCH = YES;
				COPY_PHASE_STRIP = NO;
				DEBUG_INFORMATION_FORMAT = dwarf;
				ENABLE_STRICT_OBJC_MSGSEND = YES;
				ENABLE_TESTABILITY = YES;
				GCC_C_LANGUAGE_STANDARD = gnu11;
				GCC_DYNAMIC_NO_PIC = NO;
				GCC_NO_COMMON_BLOCKS = YES;
				GCC_OPTIMIZATION_LEVEL = 0;
				GCC_PREPROCESSOR_DEFINITIONS = (
					"DEBUG=1",
					"$(inherited)",
				);
				GCC_WARN_64_TO_32_BIT_CONVERSION = YES;
				GCC_WARN_ABOUT_RETURN_TYPE = YES_ERROR;
				GCC_WARN_UNDECLARED_SELECTOR = YES;
				GCC_WARN_UNINITIALIZED_AUTOS = YES_AGGRESSIVE;
				GCC_WARN_UNUSED_FUNCTION = YES;
				GCC_WARN_UNUSED_VARIABLE = YES;
				IPHONEOS_DEPLOYMENT_TARGET = 16.4;
				MTL_ENABLE_DEBUG_INFO = INCLUDE_SOURCE;
				MTL_FAST_MATH = YES;
				ONLY_ACTIVE_ARCH = YES;
				SDKROOT = iphoneos;
				SWIFT_ACTIVE_COMPILATION_CONDITIONS = DEBUG;
				SWIFT_OPTIMIZATION_LEVEL = "-Onone";
			};
			name = Build;
		};
		C8FBC2C32AF3B3A400C8B6E0 /* Build */ = {
			isa = XCBuildConfiguration;
			buildSettings = {
				ASSETCATALOG_COMPILER_APPICON_NAME = AppIcon;
				ASSETCATALOG_COMPILER_GLOBAL_ACCENT_COLOR_NAME = AccentColor;
				AUTHORIZE_URL = "auth-stub.mobile.build.account.gov.uk";
				BASE_URL = mobile.build.account.gov.uk;
				CLIENT_ID = TEST_CLIENT_ID;
				CODE_SIGN_ENTITLEMENTS = OneLoginBuild.entitlements;
				CODE_SIGN_STYLE = Automatic;
				CURRENT_PROJECT_VERSION = 1;
				DEVELOPMENT_TEAM = N8W395F695;
				GENERATE_INFOPLIST_FILE = YES;
				INFOPLIST_FILE = "OneLogin-Info.plist";
				INFOPLIST_KEY_CFBundleDisplayName = "One Login - Build";
				INFOPLIST_KEY_NSCameraUsageDescription = "This app does not use the camera";
				INFOPLIST_KEY_UIApplicationSupportsIndirectInputEvents = YES;
				INFOPLIST_KEY_UILaunchStoryboardName = LaunchScreen;
				INFOPLIST_KEY_UISupportedInterfaceOrientations_iPad = "UIInterfaceOrientationPortrait UIInterfaceOrientationPortraitUpsideDown UIInterfaceOrientationLandscapeLeft UIInterfaceOrientationLandscapeRight";
				INFOPLIST_KEY_UISupportedInterfaceOrientations_iPhone = "UIInterfaceOrientationPortrait UIInterfaceOrientationLandscapeLeft UIInterfaceOrientationLandscapeRight";
				IPHONEOS_DEPLOYMENT_TARGET = 13.0;
				LD_RUNPATH_SEARCH_PATHS = (
					"$(inherited)",
					"@executable_path/Frameworks",
				);
				MARKETING_VERSION = 1.0;
				PRODUCT_BUNDLE_IDENTIFIER = "uk.gov.one-login.build";
				PRODUCT_NAME = "$(TARGET_NAME)";
				REDIRECT_URL = "https://mobile.build.account.gov.uk/redirect";
				SWIFT_EMIT_LOC_STRINGS = YES;
				SWIFT_VERSION = 5.0;
				TARGETED_DEVICE_FAMILY = "1,2";
			};
			name = Build;
		};
		C8FBC2C42AF3B3A400C8B6E0 /* Build */ = {
			isa = XCBuildConfiguration;
			buildSettings = {
				ALWAYS_EMBED_SWIFT_STANDARD_LIBRARIES = YES;
				BUNDLE_LOADER = "$(TEST_HOST)";
				CODE_SIGN_STYLE = Automatic;
				CURRENT_PROJECT_VERSION = 1;
				DEVELOPMENT_TEAM = N8W395F695;
				GENERATE_INFOPLIST_FILE = YES;
				IPHONEOS_DEPLOYMENT_TARGET = 16.4;
				MARKETING_VERSION = 1.0;
				PRODUCT_BUNDLE_IDENTIFIER = "com.example.di-mobile-ios-onelogin-appTests";
				PRODUCT_NAME = "$(TARGET_NAME)";
				SWIFT_EMIT_LOC_STRINGS = NO;
				SWIFT_VERSION = 5.0;
				TARGETED_DEVICE_FAMILY = "1,2";
				TEST_HOST = "$(BUILT_PRODUCTS_DIR)/OneLogin.app/$(BUNDLE_EXECUTABLE_FOLDER_PATH)/OneLogin";
			};
			name = Build;
		};
		C8FBC2C52AF3B3A400C8B6E0 /* Build */ = {
			isa = XCBuildConfiguration;
			buildSettings = {
				ASSETCATALOG_COMPILER_GENERATE_SWIFT_ASSET_SYMBOL_EXTENSIONS = YES;
				BUNDLE_LOADER = "$(TEST_HOST)";
				CODE_SIGN_STYLE = Automatic;
				CURRENT_PROJECT_VERSION = 1;
				DEVELOPMENT_TEAM = N8W395F695;
				ENABLE_USER_SCRIPT_SANDBOXING = YES;
				GCC_C_LANGUAGE_STANDARD = gnu17;
				GENERATE_INFOPLIST_FILE = YES;
				IPHONEOS_DEPLOYMENT_TARGET = 16.4;
				LOCALIZATION_PREFERS_STRING_CATALOGS = YES;
				MARKETING_VERSION = 1.0;
				PRODUCT_BUNDLE_IDENTIFIER = "com.example.di-mobile-ios-onelogin-stagingAppTests.OneLoginStagingTests";
				PRODUCT_NAME = "$(TARGET_NAME)";
				SWIFT_ACTIVE_COMPILATION_CONDITIONS = "DEBUG $(inherited)";
				SWIFT_EMIT_LOC_STRINGS = NO;
				SWIFT_VERSION = 5.0;
				TARGETED_DEVICE_FAMILY = "1,2";
				TEST_HOST = "$(BUILT_PRODUCTS_DIR)/OneLogin.app/$(BUNDLE_EXECUTABLE_FOLDER_PATH)/OneLogin";
			};
			name = Build;
		};
		C8FBC2C62AF3B3A400C8B6E0 /* Build */ = {
			isa = XCBuildConfiguration;
			buildSettings = {
				ASSETCATALOG_COMPILER_GENERATE_SWIFT_ASSET_SYMBOL_EXTENSIONS = YES;
				BUNDLE_LOADER = "$(TEST_HOST)";
				CODE_SIGN_STYLE = Automatic;
				CURRENT_PROJECT_VERSION = 1;
				DEVELOPMENT_TEAM = N8W395F695;
				ENABLE_USER_SCRIPT_SANDBOXING = YES;
				GCC_C_LANGUAGE_STANDARD = gnu17;
				GENERATE_INFOPLIST_FILE = YES;
				IPHONEOS_DEPLOYMENT_TARGET = 16.4;
				LOCALIZATION_PREFERS_STRING_CATALOGS = YES;
				MARKETING_VERSION = 1.0;
				PRODUCT_BUNDLE_IDENTIFIER = "com.example.di-mobile-ios-onelogin-buildAppTests.OneLoginBuildTests";
				PRODUCT_NAME = "$(TARGET_NAME)";
				SWIFT_ACTIVE_COMPILATION_CONDITIONS = "DEBUG $(inherited)";
				SWIFT_EMIT_LOC_STRINGS = NO;
				SWIFT_VERSION = 5.0;
				TARGETED_DEVICE_FAMILY = "1,2";
				TEST_HOST = "$(BUILT_PRODUCTS_DIR)/OneLogin.app/$(BUNDLE_EXECUTABLE_FOLDER_PATH)/OneLogin";
			};
			name = Build;
		};
		C8FBC2C72AF3B3A400C8B6E0 /* Build */ = {
			isa = XCBuildConfiguration;
			buildSettings = {
				ALWAYS_EMBED_SWIFT_STANDARD_LIBRARIES = YES;
				CODE_SIGN_STYLE = Automatic;
				CURRENT_PROJECT_VERSION = 1;
				DEVELOPMENT_TEAM = N8W395F695;
				GENERATE_INFOPLIST_FILE = YES;
				MARKETING_VERSION = 1.0;
				PRODUCT_BUNDLE_IDENTIFIER = "com.example.di-mobile-ios-onelogin-appUITests";
				PRODUCT_NAME = "$(TARGET_NAME)";
				PROVISIONING_PROFILE = "";
				SWIFT_EMIT_LOC_STRINGS = NO;
				SWIFT_VERSION = 5.0;
				TARGETED_DEVICE_FAMILY = "1,2";
				TEST_TARGET_NAME = OneLogin;
			};
			name = Build;
		};
/* End XCBuildConfiguration section */

/* Begin XCConfigurationList section */
		219601E22A976302008F3427 /* Build configuration list for PBXProject "OneLogin" */ = {
			isa = XCConfigurationList;
			buildConfigurations = (
				2196020F2A976305008F3427 /* Debug */,
				C8176E7B2AF40D0D00C64A0D /* Staging */,
				C8FBC2C22AF3B3A400C8B6E0 /* Build */,
				219602102A976305008F3427 /* Release */,
			);
			defaultConfigurationIsVisible = 0;
			defaultConfigurationName = Release;
		};
		219602112A976305008F3427 /* Build configuration list for PBXNativeTarget "OneLogin" */ = {
			isa = XCConfigurationList;
			buildConfigurations = (
				219602122A976305008F3427 /* Debug */,
				C8176E7C2AF40D0D00C64A0D /* Staging */,
				C8FBC2C32AF3B3A400C8B6E0 /* Build */,
				219602132A976305008F3427 /* Release */,
			);
			defaultConfigurationIsVisible = 0;
			defaultConfigurationName = Release;
		};
		219602142A976305008F3427 /* Build configuration list for PBXNativeTarget "OneLoginUnitTests" */ = {
			isa = XCConfigurationList;
			buildConfigurations = (
				219602152A976305008F3427 /* Debug */,
				C8176E7D2AF40D0D00C64A0D /* Staging */,
				C8FBC2C42AF3B3A400C8B6E0 /* Build */,
				219602162A976305008F3427 /* Release */,
			);
			defaultConfigurationIsVisible = 0;
			defaultConfigurationName = Release;
		};
		219602172A976305008F3427 /* Build configuration list for PBXNativeTarget "OneLoginUITests" */ = {
			isa = XCConfigurationList;
			buildConfigurations = (
				219602182A976305008F3427 /* Debug */,
				C8176E802AF40D0D00C64A0D /* Staging */,
				C8FBC2C72AF3B3A400C8B6E0 /* Build */,
				219602192A976305008F3427 /* Release */,
			);
			defaultConfigurationIsVisible = 0;
			defaultConfigurationName = Release;
		};
		25537C432AF2B2600059DCD2 /* Build configuration list for PBXNativeTarget "OneLoginStagingConfigTests" */ = {
			isa = XCConfigurationList;
			buildConfigurations = (
				25537C442AF2B2600059DCD2 /* Debug */,
				C8176E7E2AF40D0D00C64A0D /* Staging */,
				C8FBC2C52AF3B3A400C8B6E0 /* Build */,
				25537C462AF2B2600059DCD2 /* Release */,
			);
			defaultConfigurationIsVisible = 0;
			defaultConfigurationName = Release;
		};
		25537C542AF2B38E0059DCD2 /* Build configuration list for PBXNativeTarget "OneLoginBuildConfigTests" */ = {
			isa = XCConfigurationList;
			buildConfigurations = (
				25537C552AF2B38E0059DCD2 /* Debug */,
				C8176E7F2AF40D0D00C64A0D /* Staging */,
				C8FBC2C62AF3B3A400C8B6E0 /* Build */,
				25537C572AF2B38E0059DCD2 /* Release */,
			);
			defaultConfigurationIsVisible = 0;
			defaultConfigurationName = Release;
		};
/* End XCConfigurationList section */

/* Begin XCRemoteSwiftPackageReference section */
		C8A13C9D2AFBD05700FCBD36 /* XCRemoteSwiftPackageReference "mobile-ios-common" */ = {
			isa = XCRemoteSwiftPackageReference;
			repositoryURL = "https://github.com/govuk-one-login/mobile-ios-common.git";
			requirement = {
				branch = main;
				kind = branch;
			};
		};
		C8A13CA22AFBD07E00FCBD36 /* XCRemoteSwiftPackageReference "mobile-ios-authentication" */ = {
			isa = XCRemoteSwiftPackageReference;
			repositoryURL = "https://github.com/govuk-one-login/mobile-ios-authentication.git";
			requirement = {
				branch = "feature/dcmaw-7397-call-token-endpoint";
				kind = branch;
			};
		};
		C8A13CA72AFBD0CC00FCBD36 /* XCRemoteSwiftPackageReference "mobile-ios-logging" */ = {
			isa = XCRemoteSwiftPackageReference;
			repositoryURL = "https://github.com/govuk-one-login/mobile-ios-logging.git";
			requirement = {
				branch = main;
				kind = branch;
			};
		};
		C8A13CAE2AFBD0F100FCBD36 /* XCRemoteSwiftPackageReference "mobile-ios-coordination" */ = {
			isa = XCRemoteSwiftPackageReference;
			repositoryURL = "https://github.com/govuk-one-login/mobile-ios-coordination.git";
			requirement = {
				kind = upToNextMajorVersion;
				minimumVersion = 1.0.0;
			};
		};
/* End XCRemoteSwiftPackageReference section */

/* Begin XCSwiftPackageProductDependency section */
		C8A13C9E2AFBD05700FCBD36 /* GDSAnalytics */ = {
			isa = XCSwiftPackageProductDependency;
			package = C8A13C9D2AFBD05700FCBD36 /* XCRemoteSwiftPackageReference "mobile-ios-common" */;
			productName = GDSAnalytics;
		};
		C8A13CA02AFBD05700FCBD36 /* GDSCommon */ = {
			isa = XCSwiftPackageProductDependency;
			package = C8A13C9D2AFBD05700FCBD36 /* XCRemoteSwiftPackageReference "mobile-ios-common" */;
			productName = GDSCommon;
		};
		C8A13CA32AFBD07E00FCBD36 /* Authentication */ = {
			isa = XCSwiftPackageProductDependency;
			package = C8A13CA22AFBD07E00FCBD36 /* XCRemoteSwiftPackageReference "mobile-ios-authentication" */;
			productName = Authentication;
		};
		C8A13CA52AFBD07E00FCBD36 /* UserDetails */ = {
			isa = XCSwiftPackageProductDependency;
			package = C8A13CA22AFBD07E00FCBD36 /* XCRemoteSwiftPackageReference "mobile-ios-authentication" */;
			productName = UserDetails;
		};
		C8A13CA82AFBD0CC00FCBD36 /* GAnalytics */ = {
			isa = XCSwiftPackageProductDependency;
			package = C8A13CA72AFBD0CC00FCBD36 /* XCRemoteSwiftPackageReference "mobile-ios-logging" */;
			productName = GAnalytics;
		};
		C8A13CAA2AFBD0CC00FCBD36 /* HTTPLogging */ = {
			isa = XCSwiftPackageProductDependency;
			package = C8A13CA72AFBD0CC00FCBD36 /* XCRemoteSwiftPackageReference "mobile-ios-logging" */;
			productName = HTTPLogging;
		};
		C8A13CAC2AFBD0CC00FCBD36 /* Logging */ = {
			isa = XCSwiftPackageProductDependency;
			package = C8A13CA72AFBD0CC00FCBD36 /* XCRemoteSwiftPackageReference "mobile-ios-logging" */;
			productName = Logging;
		};
		C8A13CAF2AFBD0F100FCBD36 /* Coordination */ = {
			isa = XCSwiftPackageProductDependency;
			package = C8A13CAE2AFBD0F100FCBD36 /* XCRemoteSwiftPackageReference "mobile-ios-coordination" */;
			productName = Coordination;
		};
/* End XCSwiftPackageProductDependency section */
	};
	rootObject = 219601DF2A976302008F3427 /* Project object */;
}
