{
  "pins" : [
    {
      "identity" : "mobile-ios-networking",
      "kind" : "remoteSourceControl",
      "location" : "https://github.com/govuk-one-login/mobile-ios-networking",
      "state" : {
        "revision" : "204728a8c16acb05bd70f7a64c37610c3aa75110",
        "version" : "3.1.3"
      }
    }
  ],
  "version" : 2
}
